{
  "version": 4,
  "terraform_version": "1.11.4",
  "serial": 276,
  "lineage": "b650103b-556e-2cdd-76e3-3d404886b128",
  "outputs": {
    "webhook_secret": {
      "value": "Bgt5\u0026yhn",
      "type": "string",
      "sensitive": true
    },
    "webhook_url": {
      "value": "https://terraform-aws-github-runner",
      "type": "string"
    }
  },
  "resources": [
    {
      "mode": "managed",
      "type": "aws_iam_role",
      "name": "lambda_role",
      "provider": "provider[\"registry.terraform.io/hashicorp/aws\"]",
      "instances": [
        {
          "schema_version": 0,
          "attributes": {
            "arn": "arn:aws:iam::442376921734:role/lambda-role",
            "assume_role_policy": "{\"Version\":\"2012-10-17\",\"Statement\":[{\"Effect\":\"Allow\",\"Principal\":{\"Service\":\"lambda.amazonaws.com\"},\"Action\":\"sts:AssumeRole\"}]}",
            "create_date": "2025-04-16T10:19:52Z",
            "description": "",
            "force_detach_policies": false,
            "id": "lambda-role",
            "inline_policy": [
              {
                "name": "lambda-policy",
                "policy": "{\"Statement\":[{\"Action\":[\"s3:GetObject\",\"s3:PutObject\"],\"Effect\":\"Allow\",\"Resource\":\"arn:aws:s3:::terraform-aws-github-runner-prd-lambda-file-bucket/*\"},{\"Action\":\"logs:*\",\"Effect\":\"Allow\",\"Resource\":\"*\"}],\"Version\":\"2012-10-17\"}"
              }
            ],
            "managed_policy_arns": [],
            "max_session_duration": 3600,
            "name": "lambda-role",
            "name_prefix": "",
            "path": "/",
            "permissions_boundary": null,
            "tags": {},
            "tags_all": {},
            "unique_id": "AROAWN75YEKDKNBAJNIIT"
          },
          "sensitive_attributes": [],
          "private": "bnVsbA=="
        }
      ]
    },
    {
      "mode": "managed",
      "type": "aws_iam_role_policy",
      "name": "lambda_policy",
      "provider": "provider[\"registry.terraform.io/hashicorp/aws\"]",
      "instances": [
        {
          "schema_version": 0,
          "attributes": {
            "id": "lambda-role:lambda-policy",
            "name": "lambda-policy",
            "name_prefix": null,
            "policy": "{\"Statement\":[{\"Action\":[\"s3:GetObject\",\"s3:PutObject\"],\"Effect\":\"Allow\",\"Resource\":\"arn:aws:s3:::terraform-aws-github-runner-prd-lambda-file-bucket/*\"},{\"Action\":\"logs:*\",\"Effect\":\"Allow\",\"Resource\":\"*\"}],\"Version\":\"2012-10-17\"}",
            "role": "lambda-role"
          },
          "sensitive_attributes": [],
          "private": "bnVsbA==",
          "dependencies": [
            "aws_iam_role.lambda_role"
          ]
        }
      ]
    },
    {
      "mode": "managed",
      "type": "aws_lambda_function",
      "name": "scale_down",
      "provider": "provider[\"registry.terraform.io/hashicorp/aws\"]",
      "instances": [
        {
          "schema_version": 0,
          "attributes": {
            "architectures": [
              "x86_64"
            ],
            "arn": "arn:aws:lambda:ap-northeast-1:442376921734:function:scale_down",
            "code_signing_config_arn": "",
            "dead_letter_config": [],
            "description": "",
            "environment": [],
            "file_system_config": [],
            "filename": null,
            "function_name": "scale_down",
            "handler": "index.handler",
            "id": "scale_down",
            "image_config": [],
            "image_uri": "",
            "invoke_arn": "arn:aws:apigateway:ap-northeast-1:lambda:path/2015-03-31/functions/arn:aws:lambda:ap-northeast-1:442376921734:function:scale_down/invocations",
            "kms_key_arn": "",
            "last_modified": "2025-04-16T10:19:59.469+0000",
            "layers": [],
            "memory_size": 128,
            "package_type": "Zip",
            "publish": false,
            "qualified_arn": "arn:aws:lambda:ap-northeast-1:442376921734:function:scale_down:$LATEST",
            "reserved_concurrent_executions": -1,
            "role": "arn:aws:iam::442376921734:role/lambda-role",
            "runtime": "nodejs18.x",
            "s3_bucket": "terraform-aws-github-runner-prd-lambda-file-bucket",
            "s3_key": "runners.zip",
            "s3_object_version": null,
            "signing_job_arn": "",
            "signing_profile_version_arn": "",
            "source_code_hash": "jHQh3dlUDcBI+ojqPPK3YrVkm8W3jMyoSt829XFHYFU=",
            "source_code_size": 794374,
            "tags": {},
            "tags_all": {},
            "timeout": 3,
            "timeouts": null,
            "tracing_config": [
              {
                "mode": "PassThrough"
              }
            ],
            "version": "$LATEST",
            "vpc_config": []
          },
          "sensitive_attributes": [],
          "private": "eyJlMmJmYjczMC1lY2FhLTExZTYtOGY4OC0zNDM2M2JjN2M0YzAiOnsiY3JlYXRlIjo2MDAwMDAwMDAwMDB9fQ==",
          "dependencies": [
            "aws_iam_role.lambda_role"
          ]
        }
      ]
    },
    {
      "mode": "managed",
      "type": "aws_lambda_function",
      "name": "scale_up",
      "provider": "provider[\"registry.terraform.io/hashicorp/aws\"]",
      "instances": [
        {
          "schema_version": 0,
          "attributes": {
            "architectures": [
              "x86_64"
            ],
            "arn": "arn:aws:lambda:ap-northeast-1:442376921734:function:scale_up",
            "code_signing_config_arn": "",
            "dead_letter_config": [],
            "description": "",
            "environment": [],
            "file_system_config": [],
            "filename": null,
            "function_name": "scale_up",
            "handler": "index.handler",
            "id": "scale_up",
            "image_config": [],
            "image_uri": "",
            "invoke_arn": "arn:aws:apigateway:ap-northeast-1:lambda:path/2015-03-31/functions/arn:aws:lambda:ap-northeast-1:442376921734:function:scale_up/invocations",
            "kms_key_arn": "",
            "last_modified": "2025-04-16T10:19:59.404+0000",
            "layers": [],
            "memory_size": 128,
            "package_type": "Zip",
            "publish": false,
            "qualified_arn": "arn:aws:lambda:ap-northeast-1:442376921734:function:scale_up:$LATEST",
            "reserved_concurrent_executions": -1,
            "role": "arn:aws:iam::442376921734:role/lambda-role",
            "runtime": "nodejs18.x",
            "s3_bucket": "terraform-aws-github-runner-prd-lambda-file-bucket",
            "s3_key": "runner-binaries-syncer.zip",
            "s3_object_version": null,
            "signing_job_arn": "",
            "signing_profile_version_arn": "",
            "source_code_hash": "Vgnld2ZWgoeIyQAkURNS15pn6BGvFUu7Xp6yAy/jc44=",
            "source_code_size": 459052,
            "tags": {},
            "tags_all": {},
            "timeout": 3,
            "timeouts": null,
            "tracing_config": [
              {
                "mode": "PassThrough"
              }
            ],
            "version": "$LATEST",
            "vpc_config": []
          },
          "sensitive_attributes": [],
          "private": "eyJlMmJmYjczMC1lY2FhLTExZTYtOGY4OC0zNDM2M2JjN2M0YzAiOnsiY3JlYXRlIjo2MDAwMDAwMDAwMDB9fQ==",
          "dependencies": [
            "aws_iam_role.lambda_role"
          ]
        }
      ]
    },
    {
      "mode": "managed",
      "type": "aws_lambda_function",
      "name": "webhook",
      "provider": "provider[\"registry.terraform.io/hashicorp/aws\"]",
      "instances": [
        {
          "schema_version": 0,
          "attributes": {
            "architectures": [
              "x86_64"
            ],
            "arn": "arn:aws:lambda:ap-northeast-1:442376921734:function:webhook",
            "code_signing_config_arn": "",
            "dead_letter_config": [],
            "description": "",
            "environment": [],
            "file_system_config": [],
            "filename": null,
            "function_name": "webhook",
            "handler": "index.handler",
            "id": "webhook",
            "image_config": [],
            "image_uri": "",
            "invoke_arn": "arn:aws:apigateway:ap-northeast-1:lambda:path/2015-03-31/functions/arn:aws:lambda:ap-northeast-1:442376921734:function:webhook/invocations",
            "kms_key_arn": "",
            "last_modified": "2025-04-16T10:19:59.185+0000",
            "layers": [],
            "memory_size": 128,
            "package_type": "Zip",
            "publish": false,
            "qualified_arn": "arn:aws:lambda:ap-northeast-1:442376921734:function:webhook:$LATEST",
            "reserved_concurrent_executions": -1,
            "role": "arn:aws:iam::442376921734:role/lambda-role",
            "runtime": "nodejs18.x",
            "s3_bucket": "terraform-aws-github-runner-prd-lambda-file-bucket",
            "s3_key": "webhook.zip",
            "s3_object_version": null,
            "signing_job_arn": "",
            "signing_profile_version_arn": "",
            "source_code_hash": "w4Z7esmSGvjaiI/L0Hf780WgLesPx/0cINsLas08M38=",
            "source_code_size": 378233,
            "tags": {},
            "tags_all": {},
            "timeout": 3,
            "timeouts": null,
            "tracing_config": [
              {
                "mode": "PassThrough"
              }
            ],
            "version": "$LATEST",
            "vpc_config": []
          },
          "sensitive_attributes": [],
          "private": "eyJlMmJmYjczMC1lY2FhLTExZTYtOGY4OC0zNDM2M2JjN2M0YzAiOnsiY3JlYXRlIjo2MDAwMDAwMDAwMDB9fQ==",
          "dependencies": [
            "aws_iam_role.lambda_role"
          ]
        }
      ]
    },
    {
      "mode": "managed",
      "type": "aws_secretsmanager_secret",
      "name": "webhook_secret",
      "provider": "provider[\"registry.terraform.io/hashicorp/aws\"]",
      "instances": [
        {
          "schema_version": 0,
          "attributes": {
            "arn": "arn:aws:secretsmanager:ap-northeast-1:442376921734:secret:webhook-secret-eyPMJj",
            "description": "",
            "force_overwrite_replica_secret": false,
            "id": "arn:aws:secretsmanager:ap-northeast-1:442376921734:secret:webhook-secret-eyPMJj",
            "kms_key_id": "",
            "name": "webhook-secret",
            "name_prefix": null,
            "policy": "",
            "recovery_window_in_days": 30,
            "replica": [],
            "rotation_enabled": false,
            "rotation_lambda_arn": "",
            "rotation_rules": [],
            "tags": {},
            "tags_all": {}
          },
          "sensitive_attributes": [],
          "private": "bnVsbA=="
        }
      ]
    },
    {
      "mode": "managed",
      "type": "aws_secretsmanager_secret_version",
      "name": "webhook_secret",
      "provider": "provider[\"registry.terraform.io/hashicorp/aws\"]",
      "instances": [
        {
          "schema_version": 0,
          "attributes": {
            "arn": "arn:aws:secretsmanager:ap-northeast-1:442376921734:secret:webhook-secret-eyPMJj",
            "id": "arn:aws:secretsmanager:ap-northeast-1:442376921734:secret:webhook-secret-eyPMJj|5655B08E-FDD7-41A8-B4D3-BC7C9D909AA6",
            "secret_binary": "",
            "secret_id": "arn:aws:secretsmanager:ap-northeast-1:442376921734:secret:webhook-secret-eyPMJj",
            "secret_string": "Bgt5\u0026yhn",
            "version_id": "5655B08E-FDD7-41A8-B4D3-BC7C9D909AA6",
            "version_stages": [
              "AWSCURRENT"
            ]
          },
          "sensitive_attributes": [
            [
              {
                "type": "get_attr",
                "value": "secret_binary"
              }
            ],
            [
              {
                "type": "get_attr",
                "value": "secret_string"
              }
            ]
          ],
          "private": "bnVsbA==",
          "dependencies": [
            "aws_secretsmanager_secret.webhook_secret"
          ]
        }
      ]
    },
    {
      "mode": "managed",
      "type": "random_id",
      "name": "random",
      "provider": "provider[\"registry.terraform.io/hashicorp/random\"]",
      "instances": [
        {
          "schema_version": 0,
          "attributes": {
            "b64_std": "5i/zJscVPAbbbVUnDpV53mDBBf0=",
            "b64_url": "5i_zJscVPAbbbVUnDpV53mDBBf0",
            "byte_length": 20,
            "dec": "1314137193794652017479954088328869911631400863229",
            "hex": "e62ff326c7153c06db6d55270e9579de60c105fd",
            "id": "5i_zJscVPAbbbVUnDpV53mDBBf0",
            "keepers": null,
            "prefix": null
          },
          "sensitive_attributes": []
        }
      ]
    },
    {
      "module": "module.github-runner",
      "mode": "managed",
      "type": "aws_resourcegroups_group",
      "name": "resourcegroups_group",
      "provider": "provider[\"registry.terraform.io/hashicorp/aws\"]",
      "instances": [
        {
          "schema_version": 0,
          "attributes": {
            "arn": "arn:aws:resource-groups:ap-northeast-1:442376921734:group/production-group",
            "description": "",
            "id": "production-group",
            "name": "production-group",
            "resource_query": [
              {
                "query": "{\r\n  \"ResourceTypeFilters\": [\"AWS::AllSupported\"],\r\n  \"TagFilters\": [\r\n    {\r\n      \"Key\": \"Environment\",\r\n      \"Values\": [\"production\"]\r\n    }\r\n  ]\r\n}\r\n",
                "type": "TAG_FILTERS_1_0"
              }
            ],
            "tags": {},
            "tags_all": {}
          },
          "sensitive_attributes": [],
          "private": "bnVsbA=="
        }
      ]
    },
    {
      "module": "module.github-runner",
      "mode": "managed",
      "type": "aws_sqs_queue",
      "name": "queued_builds",
      "provider": "provider[\"registry.terraform.io/hashicorp/aws\"]",
      "instances": [
        {
          "schema_version": 0,
          "attributes": {
            "arn": "arn:aws:sqs:ap-northeast-1:442376921734:production-queued-builds",
            "content_based_deduplication": false,
            "deduplication_scope": "",
            "delay_seconds": 5,
            "fifo_queue": false,
            "fifo_throughput_limit": "",
            "id": "https://sqs.ap-northeast-1.amazonaws.com/442376921734/production-queued-builds",
            "kms_data_key_reuse_period_seconds": 300,
            "kms_master_key_id": "",
            "max_message_size": 262144,
            "message_retention_seconds": 86400,
            "name": "production-queued-builds",
            "name_prefix": "",
            "policy": "",
            "receive_wait_time_seconds": 0,
            "redrive_allow_policy": "",
            "redrive_policy": "",
            "sqs_managed_sse_enabled": true,
            "tags": {},
            "tags_all": {},
            "url": "https://sqs.ap-northeast-1.amazonaws.com/442376921734/production-queued-builds",
            "visibility_timeout_seconds": 30
          },
          "sensitive_attributes": [],
          "private": "bnVsbA==",
          "dependencies": [
            "module.github-runner.aws_sqs_queue.queued_builds_dlq"
          ]
        }
      ]
    },
    {
      "module": "module.github-runner",
      "mode": "managed",
      "type": "random_string",
      "name": "random",
      "provider": "provider[\"registry.terraform.io/hashicorp/random\"]",
      "instances": [
        {
          "schema_version": 2,
          "attributes": {
            "id": "la7zz7fnvfak0qztehes5q2g",
            "keepers": null,
            "length": 24,
            "lower": true,
            "min_lower": 0,
            "min_numeric": 0,
            "min_special": 0,
            "min_upper": 0,
            "number": true,
            "numeric": true,
            "override_special": null,
            "result": "la7zz7fnvfak0qztehes5q2g",
            "special": false,
            "upper": false
          },
          "sensitive_attributes": []
        }
      ]
    },
    {
      "module": "module.github-runner.module.runner_binaries",
      "mode": "data",
      "type": "aws_caller_identity",
      "name": "current",
      "provider": "provider[\"registry.terraform.io/hashicorp/aws\"]",
      "instances": [
        {
          "schema_version": 0,
          "attributes": {
            "account_id": "442376921734",
            "arn": "arn:aws:iam::442376921734:user/touhashinaoyuki",
            "id": "442376921734",
            "user_id": "AIDAWN75YEKDM2I63RGIC"
          },
          "sensitive_attributes": []
        }
      ]
    },
    {
      "module": "module.github-runner.module.runner_binaries",
      "mode": "data",
      "type": "aws_iam_policy_document",
      "name": "lambda_assume_role_policy",
      "provider": "provider[\"registry.terraform.io/hashicorp/aws\"]",
      "instances": [
        {
          "schema_version": 0,
          "attributes": {
            "id": "601522199",
            "json": "{\n  \"Version\": \"2012-10-17\",\n  \"Statement\": [\n    {\n      \"Sid\": \"\",\n      \"Effect\": \"Allow\",\n      \"Action\": \"sts:AssumeRole\",\n      \"Principal\": {\n        \"Service\": \"lambda.amazonaws.com\"\n      }\n    }\n  ]\n}",
            "override_json": null,
            "override_policy_documents": null,
            "policy_id": null,
            "source_json": null,
            "source_policy_documents": null,
            "statement": [
              {
                "actions": [
                  "sts:AssumeRole"
                ],
                "condition": [],
                "effect": "Allow",
                "not_actions": [],
                "not_principals": [],
                "not_resources": [],
                "principals": [
                  {
                    "identifiers": [
                      "lambda.amazonaws.com"
                    ],
                    "type": "Service"
                  }
                ],
                "resources": [],
                "sid": ""
              }
            ],
            "version": "2012-10-17"
          },
          "sensitive_attributes": []
        }
      ]
    },
    {
      "module": "module.github-runner.module.runner_binaries",
      "mode": "managed",
      "type": "aws_cloudwatch_event_rule",
      "name": "syncer",
      "provider": "provider[\"registry.terraform.io/hashicorp/aws\"]",
      "instances": [
        {
          "schema_version": 0,
          "attributes": {
            "arn": "arn:aws:events:ap-northeast-1:442376921734:rule/production-syncer-rule",
            "description": "",
            "event_bus_name": "default",
            "event_pattern": null,
            "id": "production-syncer-rule",
            "is_enabled": true,
            "name": "production-syncer-rule",
            "name_prefix": "",
            "role_arn": "",
            "schedule_expression": "cron(27 * * * ? *)",
            "tags": {
              "Environment": "production",
              "ghr:environment": "production"
            },
            "tags_all": {
              "Environment": "production",
              "ghr:environment": "production"
            }
          },
          "sensitive_attributes": [],
          "private": "bnVsbA=="
        }
      ]
    },
    {
      "module": "module.github-runner.module.runner_binaries",
      "mode": "managed",
      "type": "aws_cloudwatch_event_target",
      "name": "syncer",
      "provider": "provider[\"registry.terraform.io/hashicorp/aws\"]",
      "instances": [
        {
          "schema_version": 1,
          "attributes": {
            "arn": "arn:aws:lambda:ap-northeast-1:442376921734:function:production-syncer",
            "batch_target": [],
            "dead_letter_config": [],
            "ecs_target": [],
            "event_bus_name": "default",
            "http_target": [],
            "id": "production-syncer-rule-terraform-20250416102036118500000005",
            "input": "",
            "input_path": "",
            "input_transformer": [],
            "kinesis_target": [],
            "redshift_target": [],
            "retry_policy": [],
            "role_arn": "",
            "rule": "production-syncer-rule",
            "run_command_targets": [],
            "sqs_target": [],
            "target_id": "terraform-20250416102036118500000005"
          },
          "sensitive_attributes": [],
          "private": "eyJzY2hlbWFfdmVyc2lvbiI6IjEifQ==",
          "dependencies": [
            "module.github-runner.module.runner_binaries.aws_cloudwatch_event_rule.syncer",
            "module.github-runner.module.runner_binaries.aws_iam_role.syncer_lambda",
            "module.github-runner.module.runner_binaries.aws_lambda_function.syncer",
            "module.github-runner.module.runner_binaries.aws_s3_bucket.action_dist",
            "module.github-runner.module.runner_binaries.data.aws_iam_policy_document.lambda_assume_role_policy",
            "module.github-runner.random_string.random"
          ]
        }
      ]
    },
    {
      "module": "module.github-runner.module.runner_binaries",
      "mode": "managed",
      "type": "aws_cloudwatch_log_group",
      "name": "syncer",
      "provider": "provider[\"registry.terraform.io/hashicorp/aws\"]",
      "instances": [
        {
          "schema_version": 0,
          "attributes": {
            "arn": "arn:aws:logs:ap-northeast-1:442376921734:log-group:/aws/lambda/production-syncer",
            "id": "/aws/lambda/production-syncer",
            "kms_key_id": "",
            "name": "/aws/lambda/production-syncer",
            "name_prefix": null,
            "retention_in_days": 180,
            "tags": {
              "Environment": "production",
              "ghr:environment": "production"
            },
            "tags_all": {
              "Environment": "production",
              "ghr:environment": "production"
            }
          },
          "sensitive_attributes": [],
          "private": "bnVsbA==",
          "dependencies": [
            "module.github-runner.module.runner_binaries.aws_iam_role.syncer_lambda",
            "module.github-runner.module.runner_binaries.aws_lambda_function.syncer",
            "module.github-runner.module.runner_binaries.aws_s3_bucket.action_dist",
            "module.github-runner.module.runner_binaries.data.aws_iam_policy_document.lambda_assume_role_policy",
            "module.github-runner.random_string.random"
          ]
        }
      ]
    },
    {
      "module": "module.github-runner.module.runner_binaries",
      "mode": "managed",
      "type": "aws_iam_role",
      "name": "syncer_lambda",
      "provider": "provider[\"registry.terraform.io/hashicorp/aws\"]",
      "instances": [
        {
          "schema_version": 0,
          "attributes": {
            "arn": "arn:aws:iam::442376921734:role/production/production-action-syncer-lambda-role",
            "assume_role_policy": "{\"Version\":\"2012-10-17\",\"Statement\":[{\"Sid\":\"\",\"Effect\":\"Allow\",\"Principal\":{\"Service\":\"lambda.amazonaws.com\"},\"Action\":\"sts:AssumeRole\"}]}",
            "create_date": "2025-04-16T10:19:56Z",
            "description": "",
            "force_detach_policies": false,
            "id": "production-action-syncer-lambda-role",
            "inline_policy": [
              {
                "name": "production-lambda-logging-policy-syncer",
                "policy": "{\r\n  \"Version\": \"2012-10-17\",\r\n  \"Statement\": [\r\n    {\r\n      \"Effect\": \"Allow\",\r\n      \"Action\": [\"logs:CreateLogStream\", \"logs:PutLogEvents\"],\r\n      \"Resource\": \"arn:aws:logs:ap-northeast-1:442376921734:log-group:/aws/lambda/production-syncer*\"\r\n    }\r\n  ]\r\n}\r\n"
              },
              {
                "name": "production-lambda-syncer-s3-policy",
                "policy": "{\r\n  \"Version\": \"2012-10-17\",\r\n  \"Statement\": [\r\n    {\r\n      \"Effect\": \"Allow\",\r\n      \"Action\": [\r\n        \"s3:GetObjectTagging\",\r\n        \"s3:GetObjectVersionTagging\",\r\n        \"s3:PutObject*\",\r\n        \"s3:RequestObjectTag*\"\r\n      ],\r\n      \"Resource\": [\"arn:aws:s3:::production-dist-la7zz7fnvfak0qztehes5q2g/actions-runner-windows.zip\"]\r\n    }\r\n  ]\r\n}\r\n"
              }
            ],
            "managed_policy_arns": [],
            "max_session_duration": 3600,
            "name": "production-action-syncer-lambda-role",
            "name_prefix": "",
            "path": "/production/",
            "permissions_boundary": null,
            "tags": {
              "Environment": "production",
              "ghr:environment": "production"
            },
            "tags_all": {
              "Environment": "production",
              "ghr:environment": "production"
            },
            "unique_id": "AROAWN75YEKDC7S7DVRDK"
          },
          "sensitive_attributes": [],
          "private": "bnVsbA==",
          "dependencies": [
            "module.github-runner.module.runner_binaries.data.aws_iam_policy_document.lambda_assume_role_policy"
          ]
        }
      ]
    },
    {
      "module": "module.github-runner.module.runner_binaries",
      "mode": "managed",
      "type": "aws_iam_role_policy",
      "name": "lambda_logging",
      "provider": "provider[\"registry.terraform.io/hashicorp/aws\"]",
      "instances": [
        {
          "schema_version": 0,
          "attributes": {
            "id": "production-action-syncer-lambda-role:production-lambda-logging-policy-syncer",
            "name": "production-lambda-logging-policy-syncer",
            "name_prefix": null,
            "policy": "{\r\n  \"Version\": \"2012-10-17\",\r\n  \"Statement\": [\r\n    {\r\n      \"Effect\": \"Allow\",\r\n      \"Action\": [\"logs:CreateLogStream\", \"logs:PutLogEvents\"],\r\n      \"Resource\": \"arn:aws:logs:ap-northeast-1:442376921734:log-group:/aws/lambda/production-syncer*\"\r\n    }\r\n  ]\r\n}\r\n",
            "role": "production-action-syncer-lambda-role"
          },
          "sensitive_attributes": [],
          "private": "bnVsbA==",
          "dependencies": [
            "module.github-runner.module.runner_binaries.aws_cloudwatch_log_group.syncer",
            "module.github-runner.module.runner_binaries.aws_iam_role.syncer_lambda",
            "module.github-runner.module.runner_binaries.aws_lambda_function.syncer",
            "module.github-runner.module.runner_binaries.aws_s3_bucket.action_dist",
            "module.github-runner.module.runner_binaries.data.aws_iam_policy_document.lambda_assume_role_policy",
            "module.github-runner.random_string.random"
          ]
        }
      ]
    },
    {
      "module": "module.github-runner.module.runner_binaries",
      "mode": "managed",
      "type": "aws_iam_role_policy",
      "name": "syncer",
      "provider": "provider[\"registry.terraform.io/hashicorp/aws\"]",
      "instances": [
        {
          "schema_version": 0,
          "attributes": {
            "id": "production-action-syncer-lambda-role:production-lambda-syncer-s3-policy",
            "name": "production-lambda-syncer-s3-policy",
            "name_prefix": null,
            "policy": "{\r\n  \"Version\": \"2012-10-17\",\r\n  \"Statement\": [\r\n    {\r\n      \"Effect\": \"Allow\",\r\n      \"Action\": [\r\n        \"s3:GetObjectTagging\",\r\n        \"s3:GetObjectVersionTagging\",\r\n        \"s3:PutObject*\",\r\n        \"s3:RequestObjectTag*\"\r\n      ],\r\n      \"Resource\": [\"arn:aws:s3:::production-dist-la7zz7fnvfak0qztehes5q2g/actions-runner-windows.zip\"]\r\n    }\r\n  ]\r\n}\r\n",
            "role": "production-action-syncer-lambda-role"
          },
          "sensitive_attributes": [],
          "private": "bnVsbA==",
          "dependencies": [
            "module.github-runner.module.runner_binaries.aws_iam_role.syncer_lambda",
            "module.github-runner.module.runner_binaries.aws_s3_bucket.action_dist",
            "module.github-runner.module.runner_binaries.data.aws_iam_policy_document.lambda_assume_role_policy",
            "module.github-runner.random_string.random"
          ]
        }
      ]
    },
    {
      "module": "module.github-runner.module.runner_binaries",
      "mode": "managed",
      "type": "aws_lambda_function",
      "name": "syncer",
      "provider": "provider[\"registry.terraform.io/hashicorp/aws\"]",
      "instances": [
        {
          "schema_version": 0,
          "attributes": {
            "architectures": [
              "x86_64"
            ],
            "arn": "arn:aws:lambda:ap-northeast-1:442376921734:function:production-syncer",
            "code_signing_config_arn": "",
            "dead_letter_config": [],
            "description": "",
            "environment": [
              {
                "variables": {
                  "GITHUB_RUNNER_ALLOW_PRERELEASE_BINARIES": "false",
                  "GITHUB_RUNNER_ARCHITECTURE": "x64",
                  "GITHUB_RUNNER_OS": "win",
                  "LOG_LEVEL": "info",
                  "LOG_TYPE": "pretty",
                  "S3_BUCKET_NAME": "production-dist-la7zz7fnvfak0qztehes5q2g",
                  "S3_OBJECT_KEY": "actions-runner-windows.zip"
                }
              }
            ],
            "file_system_config": [],
            "filename": "C:\\Users\\tokyo\\Videos\\runner-binaries-syncer.zip",
            "function_name": "production-syncer",
            "handler": "index.handler",
            "id": "production-syncer",
            "image_config": [],
            "image_uri": "",
            "invoke_arn": "arn:aws:apigateway:ap-northeast-1:lambda:path/2015-03-31/functions/arn:aws:lambda:ap-northeast-1:442376921734:function:production-syncer/invocations",
            "kms_key_arn": "",
            "last_modified": "2025-04-16T13:23:27.000+0000",
            "layers": [],
            "memory_size": 256,
            "package_type": "Zip",
            "publish": false,
            "qualified_arn": "arn:aws:lambda:ap-northeast-1:442376921734:function:production-syncer:$LATEST",
            "reserved_concurrent_executions": -1,
            "role": "arn:aws:iam::442376921734:role/production/production-action-syncer-lambda-role",
            "runtime": "nodejs14.x",
            "s3_bucket": null,
            "s3_key": null,
            "s3_object_version": null,
            "signing_job_arn": "",
            "signing_profile_version_arn": "",
            "source_code_hash": "Vgnld2ZWgoeIyQAkURNS15pn6BGvFUu7Xp6yAy/jc44=",
            "source_code_size": 459052,
            "tags": {
              "Environment": "production",
              "ghr:environment": "production"
            },
            "tags_all": {
              "Environment": "production",
              "ghr:environment": "production"
            },
            "timeout": 300,
            "timeouts": null,
            "tracing_config": [
              {
                "mode": "PassThrough"
              }
            ],
            "version": "$LATEST",
            "vpc_config": []
          },
          "sensitive_attributes": [],
          "private": "eyJlMmJmYjczMC1lY2FhLTExZTYtOGY4OC0zNDM2M2JjN2M0YzAiOnsiY3JlYXRlIjo2MDAwMDAwMDAwMDB9fQ==",
          "dependencies": [
            "module.github-runner.module.runner_binaries.aws_iam_role.syncer_lambda",
            "module.github-runner.module.runner_binaries.aws_s3_bucket.action_dist",
            "module.github-runner.module.runner_binaries.data.aws_iam_policy_document.lambda_assume_role_policy",
            "module.github-runner.random_string.random"
          ]
        }
      ]
    },
    {
      "module": "module.github-runner.module.runner_binaries",
      "mode": "managed",
      "type": "aws_lambda_permission",
      "name": "on_deploy",
      "provider": "provider[\"registry.terraform.io/hashicorp/aws\"]",
      "instances": [
        {
          "schema_version": 0,
          "attributes": {
            "action": "lambda:InvokeFunction",
            "event_source_token": "",
            "function_name": "arn:aws:lambda:ap-northeast-1:442376921734:function:production-syncer",
            "id": "AllowExecutionFromS3Bucket",
            "principal": "s3.amazonaws.com",
            "qualifier": "",
            "source_account": "442376921734",
            "source_arn": "arn:aws:s3:::production-dist-la7zz7fnvfak0qztehes5q2g",
            "statement_id": "AllowExecutionFromS3Bucket",
            "statement_id_prefix": null
          },
          "sensitive_attributes": [],
          "private": "bnVsbA==",
          "dependencies": [
            "module.github-runner.module.runner_binaries.aws_iam_role.syncer_lambda",
            "module.github-runner.module.runner_binaries.aws_lambda_function.syncer",
            "module.github-runner.module.runner_binaries.aws_s3_bucket.action_dist",
            "module.github-runner.module.runner_binaries.data.aws_caller_identity.current",
            "module.github-runner.module.runner_binaries.data.aws_iam_policy_document.lambda_assume_role_policy",
            "module.github-runner.random_string.random"
          ]
        }
      ]
    },
    {
      "module": "module.github-runner.module.runner_binaries",
      "mode": "managed",
      "type": "aws_lambda_permission",
      "name": "syncer",
      "provider": "provider[\"registry.terraform.io/hashicorp/aws\"]",
      "instances": [
        {
          "schema_version": 0,
          "attributes": {
            "action": "lambda:InvokeFunction",
            "event_source_token": null,
            "function_name": "production-syncer",
            "id": "AllowExecutionFromCloudWatch",
            "principal": "events.amazonaws.com",
            "qualifier": "",
            "source_account": null,
            "source_arn": "arn:aws:events:ap-northeast-1:442376921734:rule/production-syncer-rule",
            "statement_id": "AllowExecutionFromCloudWatch",
            "statement_id_prefix": null
          },
          "sensitive_attributes": [],
          "private": "bnVsbA==",
          "dependencies": [
            "module.github-runner.module.runner_binaries.aws_cloudwatch_event_rule.syncer",
            "module.github-runner.module.runner_binaries.aws_iam_role.syncer_lambda",
            "module.github-runner.module.runner_binaries.aws_lambda_function.syncer",
            "module.github-runner.module.runner_binaries.aws_s3_bucket.action_dist",
            "module.github-runner.module.runner_binaries.data.aws_iam_policy_document.lambda_assume_role_policy",
            "module.github-runner.random_string.random"
          ]
        }
      ]
    },
    {
      "module": "module.github-runner.module.runner_binaries",
      "mode": "managed",
      "type": "aws_s3_bucket",
      "name": "action_dist",
      "provider": "provider[\"registry.terraform.io/hashicorp/aws\"]",
      "instances": [
        {
          "schema_version": 0,
          "attributes": {
            "acceleration_status": "",
            "acl": "private",
            "arn": "arn:aws:s3:::production-dist-la7zz7fnvfak0qztehes5q2g",
            "bucket": "production-dist-la7zz7fnvfak0qztehes5q2g",
            "bucket_domain_name": "production-dist-la7zz7fnvfak0qztehes5q2g.s3.amazonaws.com",
            "bucket_prefix": null,
            "bucket_regional_domain_name": "production-dist-la7zz7fnvfak0qztehes5q2g.s3.ap-northeast-1.amazonaws.com",
            "cors_rule": [],
            "force_destroy": true,
            "grant": [],
            "hosted_zone_id": "Z2M4EHUR26P7ZW",
            "id": "production-dist-la7zz7fnvfak0qztehes5q2g",
            "lifecycle_rule": [
              {
                "abort_incomplete_multipart_upload_days": 7,
                "enabled": true,
                "expiration": [],
                "id": "tf-s3-lifecycle-20250416102006455800000002",
                "noncurrent_version_expiration": [],
                "noncurrent_version_transition": [],
                "prefix": "",
                "tags": {},
                "transition": [
                  {
                    "date": "",
                    "days": 35,
                    "storage_class": "INTELLIGENT_TIERING"
                  }
                ]
              }
            ],
            "logging": [],
            "object_lock_configuration": [],
            "object_lock_enabled": false,
            "policy": null,
            "region": "ap-northeast-1",
            "replication_configuration": [],
            "request_payer": "BucketOwner",
            "server_side_encryption_configuration": [
              {
                "rule": [
                  {
                    "apply_server_side_encryption_by_default": [
                      {
                        "kms_master_key_id": "",
                        "sse_algorithm": "AES256"
                      }
                    ],
                    "bucket_key_enabled": false
                  }
                ]
              }
            ],
            "tags": {
              "Environment": "production",
              "ghr:environment": "production"
            },
            "tags_all": {
              "Environment": "production",
              "ghr:environment": "production"
            },
            "versioning": [
              {
                "enabled": false,
                "mfa_delete": false
              }
            ],
            "website": [],
            "website_domain": null,
            "website_endpoint": null
          },
          "sensitive_attributes": [],
          "private": "bnVsbA==",
          "dependencies": [
            "module.github-runner.random_string.random"
          ]
        }
      ]
    },
    {
      "module": "module.github-runner.module.runner_binaries",
      "mode": "managed",
      "type": "aws_s3_bucket_notification",
      "name": "on_deploy",
      "provider": "provider[\"registry.terraform.io/hashicorp/aws\"]",
      "instances": [
        {
          "schema_version": 0,
          "attributes": {
            "bucket": "production-dist-la7zz7fnvfak0qztehes5q2g",
            "eventbridge": false,
            "id": "production-dist-la7zz7fnvfak0qztehes5q2g",
            "lambda_function": [
              {
                "events": [
                  "s3:ObjectCreated:*"
                ],
                "filter_prefix": "triggers/",
                "filter_suffix": ".json",
                "id": "tf-s3-lambda-20250416102036984900000006",
                "lambda_function_arn": "arn:aws:lambda:ap-northeast-1:442376921734:function:production-syncer"
              }
            ],
            "queue": [],
            "topic": []
          },
          "sensitive_attributes": [],
          "private": "bnVsbA==",
          "dependencies": [
            "module.github-runner.module.runner_binaries.aws_iam_role.syncer_lambda",
            "module.github-runner.module.runner_binaries.aws_lambda_function.syncer",
            "module.github-runner.module.runner_binaries.aws_lambda_permission.on_deploy",
            "module.github-runner.module.runner_binaries.aws_s3_bucket.action_dist",
            "module.github-runner.module.runner_binaries.data.aws_caller_identity.current",
            "module.github-runner.module.runner_binaries.data.aws_iam_policy_document.lambda_assume_role_policy",
            "module.github-runner.random_string.random"
          ]
        }
      ]
    },
    {
      "module": "module.github-runner.module.runner_binaries",
      "mode": "managed",
      "type": "aws_s3_bucket_object",
      "name": "trigger",
      "provider": "provider[\"registry.terraform.io/hashicorp/aws\"]",
      "instances": [
        {
          "schema_version": 0,
          "attributes": {
            "acl": "private",
            "bucket": "production-dist-la7zz7fnvfak0qztehes5q2g",
            "bucket_key_enabled": false,
            "cache_control": "",
            "content": null,
            "content_base64": null,
            "content_disposition": "",
            "content_encoding": "",
            "content_language": "",
            "content_type": "binary/octet-stream",
            "etag": "e9e9a2770205a1750145a4483b0f944e",
            "force_destroy": false,
            "id": "triggers/production-syncer-trigger.json",
            "key": "triggers/production-syncer-trigger.json",
            "kms_key_id": null,
            "metadata": {},
            "object_lock_legal_hold_status": "",
            "object_lock_mode": "",
            "object_lock_retain_until_date": "",
            "server_side_encryption": "AES256",
            "source": ".terraform/modules/github-runner/modules/runner-binaries-syncer/trigger.json",
            "source_hash": "e9e9a2770205a1750145a4483b0f944e",
            "storage_class": "STANDARD",
            "tags": {},
            "tags_all": {},
            "version_id": "",
            "website_redirect": ""
          },
          "sensitive_attributes": [],
          "private": "bnVsbA==",
          "dependencies": [
            "module.github-runner.module.runner_binaries.aws_iam_role.syncer_lambda",
            "module.github-runner.module.runner_binaries.aws_lambda_function.syncer",
            "module.github-runner.module.runner_binaries.aws_lambda_permission.on_deploy",
            "module.github-runner.module.runner_binaries.aws_s3_bucket.action_dist",
            "module.github-runner.module.runner_binaries.aws_s3_bucket_notification.on_deploy",
            "module.github-runner.module.runner_binaries.data.aws_caller_identity.current",
            "module.github-runner.module.runner_binaries.data.aws_iam_policy_document.lambda_assume_role_policy",
            "module.github-runner.random_string.random"
          ]
        }
      ]
    },
    {
      "module": "module.github-runner.module.runner_binaries",
      "mode": "managed",
      "type": "aws_s3_bucket_public_access_block",
      "name": "action_dist",
      "provider": "provider[\"registry.terraform.io/hashicorp/aws\"]",
      "instances": [
        {
          "schema_version": 0,
          "attributes": {
            "block_public_acls": true,
            "block_public_policy": true,
            "bucket": "production-dist-la7zz7fnvfak0qztehes5q2g",
            "id": "production-dist-la7zz7fnvfak0qztehes5q2g",
            "ignore_public_acls": true,
            "restrict_public_buckets": true
          },
          "sensitive_attributes": [],
          "private": "bnVsbA==",
          "dependencies": [
            "module.github-runner.module.runner_binaries.aws_s3_bucket.action_dist",
            "module.github-runner.random_string.random"
          ]
        }
      ]
    },
    {
      "module": "module.github-runner.module.runners",
      "mode": "data",
      "type": "aws_ami",
      "name": "runner",
      "provider": "provider[\"registry.terraform.io/hashicorp/aws\"]",
      "instances": [
        {
          "schema_version": 0,
          "attributes": {
            "architecture": "x86_64",
            "arn": "arn:aws:ec2:ap-northeast-1::image/ami-046671247ccfde0e8",
            "block_device_mappings": [
              {
                "device_name": "/dev/xvda",
                "ebs": {
                  "delete_on_termination": "true",
                  "encrypted": "false",
                  "iops": "3000",
                  "snapshot_id": "snap-020a21659358b8d50",
                  "throughput": "125",
                  "volume_size": "8",
                  "volume_type": "gp3"
                },
                "no_device": "",
                "virtual_name": ""
              }
            ],
            "creation_date": "2025-04-16T08:35:31.000Z",
            "description": null,
            "ena_support": true,
            "executable_users": null,
            "filter": [
              {
                "name": "name",
                "values": [
                  "cloudflared-ec2"
                ]
              }
            ],
            "hypervisor": "xen",
            "id": "ami-046671247ccfde0e8",
            "image_id": "ami-046671247ccfde0e8",
            "image_location": "442376921734/cloudflared-ec2",
            "image_owner_alias": null,
            "image_type": "machine",
            "kernel_id": null,
            "most_recent": true,
            "name": "cloudflared-ec2",
            "name_regex": null,
            "owner_id": "442376921734",
            "owners": [
              "442376921734"
            ],
            "platform": null,
            "platform_details": "Linux/UNIX",
            "product_codes": [],
            "public": false,
            "ramdisk_id": null,
            "root_device_name": "/dev/xvda",
            "root_device_type": "ebs",
            "root_snapshot_id": "snap-020a21659358b8d50",
            "sriov_net_support": "simple",
            "state": "available",
            "state_reason": {
              "code": "UNSET",
              "message": "UNSET"
            },
            "tags": {},
            "usage_operation": "RunInstances",
            "virtualization_type": "hvm"
          },
          "sensitive_attributes": []
        }
      ]
    },
    {
      "module": "module.github-runner.module.runners",
      "mode": "data",
      "type": "aws_caller_identity",
      "name": "current",
      "provider": "provider[\"registry.terraform.io/hashicorp/aws\"]",
      "instances": [
        {
          "schema_version": 0,
          "attributes": {
            "account_id": "442376921734",
            "arn": "arn:aws:iam::442376921734:user/touhashinaoyuki",
            "id": "442376921734",
            "user_id": "AIDAWN75YEKDM2I63RGIC"
          },
          "sensitive_attributes": []
        }
      ]
    },
    {
      "module": "module.github-runner.module.runners",
      "mode": "data",
      "type": "aws_iam_policy_document",
      "name": "lambda_assume_role_policy",
      "provider": "provider[\"registry.terraform.io/hashicorp/aws\"]",
      "instances": [
        {
          "schema_version": 0,
          "attributes": {
            "id": "601522199",
            "json": "{\n  \"Version\": \"2012-10-17\",\n  \"Statement\": [\n    {\n      \"Sid\": \"\",\n      \"Effect\": \"Allow\",\n      \"Action\": \"sts:AssumeRole\",\n      \"Principal\": {\n        \"Service\": \"lambda.amazonaws.com\"\n      }\n    }\n  ]\n}",
            "override_json": null,
            "override_policy_documents": null,
            "policy_id": null,
            "source_json": null,
            "source_policy_documents": null,
            "statement": [
              {
                "actions": [
                  "sts:AssumeRole"
                ],
                "condition": [],
                "effect": "Allow",
                "not_actions": [],
                "not_principals": [],
                "not_resources": [],
                "principals": [
                  {
                    "identifiers": [
                      "lambda.amazonaws.com"
                    ],
                    "type": "Service"
                  }
                ],
                "resources": [],
                "sid": ""
              }
            ],
            "version": "2012-10-17"
          },
          "sensitive_attributes": []
        }
      ]
    },
    {
      "module": "module.github-runner.module.runners",
      "mode": "managed",
      "type": "aws_cloudwatch_event_rule",
      "name": "scale_down",
      "provider": "provider[\"registry.terraform.io/hashicorp/aws\"]",
      "instances": [
        {
          "schema_version": 0,
          "attributes": {
            "arn": "arn:aws:events:ap-northeast-1:442376921734:rule/production-scale-down-rule",
            "description": "",
            "event_bus_name": "default",
            "event_pattern": null,
            "id": "production-scale-down-rule",
            "is_enabled": true,
            "name": "production-scale-down-rule",
            "name_prefix": "",
            "role_arn": "",
            "schedule_expression": "cron(0 * * * ? *)",
            "tags": {
              "Environment": "production",
              "ghr:environment": "production"
            },
            "tags_all": {
              "Environment": "production",
              "ghr:environment": "production"
            }
          },
          "sensitive_attributes": [],
          "private": "bnVsbA=="
        }
      ]
    },
    {
      "module": "module.github-runner.module.runners",
      "mode": "managed",
      "type": "aws_cloudwatch_event_target",
      "name": "scale_down",
      "provider": "provider[\"registry.terraform.io/hashicorp/aws\"]",
      "instances": [
        {
          "schema_version": 1,
          "attributes": {
            "arn": "arn:aws:lambda:ap-northeast-1:442376921734:function:production-scale-down",
            "batch_target": [],
            "dead_letter_config": [],
            "ecs_target": [],
            "event_bus_name": "default",
            "http_target": [],
            "id": "production-scale-down-rule-terraform-20250416102025461600000004",
            "input": "",
            "input_path": "",
            "input_transformer": [],
            "kinesis_target": [],
            "redshift_target": [],
            "retry_policy": [],
            "role_arn": "",
            "rule": "production-scale-down-rule",
            "run_command_targets": [],
            "sqs_target": [],
            "target_id": "terraform-20250416102025461600000004"
          },
          "sensitive_attributes": [],
          "private": "eyJzY2hlbWFfdmVyc2lvbiI6IjEifQ==",
          "dependencies": [
            "module.github-runner.module.runners.aws_cloudwatch_event_rule.scale_down",
            "module.github-runner.module.runners.aws_iam_role.scale_down",
            "module.github-runner.module.runners.aws_lambda_function.scale_down",
            "module.github-runner.module.runners.data.aws_iam_policy_document.lambda_assume_role_policy",
            "module.github-runner.module.ssm.aws_ssm_parameter.github_app_id",
            "module.github-runner.module.ssm.aws_ssm_parameter.github_app_key_base64",
            "module.github-runner.module.ssm.aws_ssm_parameter.github_app_webhook_secret",
            "random_id.random"
          ]
        }
      ]
    },
    {
      "module": "module.github-runner.module.runners",
      "mode": "managed",
      "type": "aws_cloudwatch_log_group",
      "name": "gh_runners",
      "provider": "provider[\"registry.terraform.io/hashicorp/aws\"]",
      "instances": [
        {
          "index_key": 0,
          "schema_version": 0,
          "attributes": {
            "arn": "arn:aws:logs:ap-northeast-1:442376921734:log-group:/github-self-hosted-runners/production/messages",
            "id": "/github-self-hosted-runners/production/messages",
            "kms_key_id": "",
            "name": "/github-self-hosted-runners/production/messages",
            "name_prefix": null,
            "retention_in_days": 180,
            "tags": {
              "Environment": "production",
              "Name": "production-action-runner",
              "ghr:environment": "production"
            },
            "tags_all": {
              "Environment": "production",
              "Name": "production-action-runner",
              "ghr:environment": "production"
            }
          },
          "sensitive_attributes": [],
          "private": "bnVsbA=="
        },
        {
          "index_key": 1,
          "schema_version": 0,
          "attributes": {
            "arn": "arn:aws:logs:ap-northeast-1:442376921734:log-group:/github-self-hosted-runners/production/user_data",
            "id": "/github-self-hosted-runners/production/user_data",
            "kms_key_id": "",
            "name": "/github-self-hosted-runners/production/user_data",
            "name_prefix": null,
            "retention_in_days": 180,
            "tags": {
              "Environment": "production",
              "Name": "production-action-runner",
              "ghr:environment": "production"
            },
            "tags_all": {
              "Environment": "production",
              "Name": "production-action-runner",
              "ghr:environment": "production"
            }
          },
          "sensitive_attributes": [],
          "private": "bnVsbA=="
        },
        {
          "index_key": 2,
          "schema_version": 0,
          "attributes": {
            "arn": "arn:aws:logs:ap-northeast-1:442376921734:log-group:/github-self-hosted-runners/production/runner",
            "id": "/github-self-hosted-runners/production/runner",
            "kms_key_id": "",
            "name": "/github-self-hosted-runners/production/runner",
            "name_prefix": null,
            "retention_in_days": 180,
            "tags": {
              "Environment": "production",
              "Name": "production-action-runner",
              "ghr:environment": "production"
            },
            "tags_all": {
              "Environment": "production",
              "Name": "production-action-runner",
              "ghr:environment": "production"
            }
          },
          "sensitive_attributes": [],
          "private": "bnVsbA=="
        },
        {
          "index_key": 3,
          "schema_version": 0,
          "attributes": {
            "arn": "arn:aws:logs:ap-northeast-1:442376921734:log-group:/github-self-hosted-runners/production/runner-startup",
            "id": "/github-self-hosted-runners/production/runner-startup",
            "kms_key_id": "",
            "name": "/github-self-hosted-runners/production/runner-startup",
            "name_prefix": null,
            "retention_in_days": 180,
            "tags": {
              "Environment": "production",
              "Name": "production-action-runner",
              "ghr:environment": "production"
            },
            "tags_all": {
              "Environment": "production",
              "Name": "production-action-runner",
              "ghr:environment": "production"
            }
          },
          "sensitive_attributes": [],
          "private": "bnVsbA=="
        }
      ]
    },
    {
      "module": "module.github-runner.module.runners",
      "mode": "managed",
      "type": "aws_cloudwatch_log_group",
      "name": "scale_down",
      "provider": "provider[\"registry.terraform.io/hashicorp/aws\"]",
      "instances": [
        {
          "schema_version": 0,
          "attributes": {
            "arn": "arn:aws:logs:ap-northeast-1:442376921734:log-group:/aws/lambda/production-scale-down",
            "id": "/aws/lambda/production-scale-down",
            "kms_key_id": "",
            "name": "/aws/lambda/production-scale-down",
            "name_prefix": null,
            "retention_in_days": 180,
            "tags": {
              "Environment": "production",
              "ghr:environment": "production"
            },
            "tags_all": {
              "Environment": "production",
              "ghr:environment": "production"
            }
          },
          "sensitive_attributes": [],
          "private": "bnVsbA==",
          "dependencies": [
            "module.github-runner.module.runners.aws_iam_role.scale_down",
            "module.github-runner.module.runners.aws_lambda_function.scale_down",
            "module.github-runner.module.runners.data.aws_iam_policy_document.lambda_assume_role_policy",
            "module.github-runner.module.ssm.aws_ssm_parameter.github_app_id",
            "module.github-runner.module.ssm.aws_ssm_parameter.github_app_key_base64",
            "module.github-runner.module.ssm.aws_ssm_parameter.github_app_webhook_secret",
            "random_id.random"
          ]
        }
      ]
    },
    {
      "module": "module.github-runner.module.runners",
      "mode": "managed",
      "type": "aws_cloudwatch_log_group",
      "name": "scale_up",
      "provider": "provider[\"registry.terraform.io/hashicorp/aws\"]",
      "instances": [
        {
          "schema_version": 0,
          "attributes": {
            "arn": "arn:aws:logs:ap-northeast-1:442376921734:log-group:/aws/lambda/production-scale-up",
            "id": "/aws/lambda/production-scale-up",
            "kms_key_id": "",
            "name": "/aws/lambda/production-scale-up",
            "name_prefix": null,
            "retention_in_days": 180,
            "tags": {
              "Environment": "production",
              "ghr:environment": "production"
            },
            "tags_all": {
              "Environment": "production",
              "ghr:environment": "production"
            }
          },
          "sensitive_attributes": [],
          "private": "bnVsbA==",
          "dependencies": [
            "module.github-runner.module.runner_binaries.aws_s3_bucket.action_dist",
            "module.github-runner.module.runners.aws_iam_instance_profile.runner",
            "module.github-runner.module.runners.aws_iam_role.runner",
            "module.github-runner.module.runners.aws_iam_role.scale_up",
            "module.github-runner.module.runners.aws_lambda_function.scale_up",
            "module.github-runner.module.runners.aws_launch_template.runner",
            "module.github-runner.module.runners.aws_security_group.runner_sg",
            "module.github-runner.module.runners.aws_ssm_parameter.cloudwatch_agent_config_runner",
            "module.github-runner.module.runners.data.aws_ami.runner",
            "module.github-runner.module.runners.data.aws_iam_policy_document.lambda_assume_role_policy",
            "module.github-runner.module.ssm.aws_ssm_parameter.github_app_id",
            "module.github-runner.module.ssm.aws_ssm_parameter.github_app_key_base64",
            "module.github-runner.module.ssm.aws_ssm_parameter.github_app_webhook_secret",
            "module.github-runner.random_string.random",
            "random_id.random"
          ]
        }
      ]
    },
    {
      "module": "module.github-runner.module.runners",
      "mode": "managed",
      "type": "aws_iam_instance_profile",
      "name": "runner",
      "provider": "provider[\"registry.terraform.io/hashicorp/aws\"]",
      "instances": [
        {
          "schema_version": 0,
          "attributes": {
            "arn": "arn:aws:iam::442376921734:instance-profile/production/production-runner-profile",
            "create_date": "2025-04-16T10:19:58Z",
            "id": "production-runner-profile",
            "name": "production-runner-profile",
            "name_prefix": null,
            "path": "/production/",
            "role": "production-runner-role",
            "tags": {},
            "tags_all": {},
            "unique_id": "AIPAWN75YEKDJXDUJQBUU"
          },
          "sensitive_attributes": [],
          "private": "bnVsbA==",
          "dependencies": [
            "module.github-runner.module.runners.aws_iam_role.runner"
          ]
        }
      ]
    },
    {
      "module": "module.github-runner.module.runners",
      "mode": "managed",
      "type": "aws_iam_role",
      "name": "runner",
      "provider": "provider[\"registry.terraform.io/hashicorp/aws\"]",
      "instances": [
        {
          "schema_version": 0,
          "attributes": {
            "arn": "arn:aws:iam::442376921734:role/production/production-runner-role",
            "assume_role_policy": "{\"Version\":\"2012-10-17\",\"Statement\":[{\"Sid\":\"\",\"Effect\":\"Allow\",\"Principal\":{\"Service\":\"ec2.amazonaws.com\"},\"Action\":\"sts:AssumeRole\"}]}",
            "create_date": "2025-04-16T10:19:52Z",
            "description": "",
            "force_detach_policies": false,
            "id": "production-runner-role",
            "inline_policy": [
              {
                "name": "CloudWatchLogginAndMetrics",
                "policy": "{\r\n    \"Version\": \"2012-10-17\",\r\n    \"Statement\": [\r\n        {\r\n            \"Effect\": \"Allow\",\r\n            \"Action\": [\r\n                \"cloudwatch:PutMetricData\",\r\n                \"ec2:DescribeVolumes\",\r\n                \"ec2:DescribeTags\",\r\n                \"logs:PutLogEvents\",\r\n                \"logs:DescribeLogStreams\",\r\n                \"logs:DescribeLogGroups\",\r\n                \"logs:CreateLogStream\"\r\n            ],\r\n            \"Resource\": \"*\"\r\n        },\r\n        {\r\n            \"Effect\": \"Allow\",\r\n            \"Action\": [\r\n                \"ssm:GetParameter\"\r\n            ],\r\n            \"Resource\": \"arn:aws:ssm:ap-northeast-1:442376921734:parameter/production-cloudwatch_agent_config_runner/*\"\r\n        }\r\n    ]\r\n}"
              },
              {
                "name": "distribution-bucket",
                "policy": "{\r\n  \"Version\": \"2012-10-17\",\r\n  \"Statement\": [\r\n    {\r\n      \"Sid\": \"githubActionDist\",\r\n      \"Effect\": \"Allow\",\r\n      \"Action\": [\"s3:GetObject\", \"s3:GetObjectAcl\"],\r\n      \"Resource\": [\"arn:aws:s3:::production-dist-la7zz7fnvfak0qztehes5q2g/*\"]\r\n    }\r\n  ]\r\n}\r\n"
              },
              {
                "name": "ec2",
                "policy": "{\r\n  \"Version\": \"2012-10-17\",\r\n  \"Statement\": [\r\n    {\r\n      \"Effect\": \"Allow\",\r\n      \"Action\": \"ec2:TerminateInstances\",\r\n      \"Resource\": \"*\",\r\n      \"Condition\": {\r\n        \"StringEquals\": {\r\n          \"aws:ARN\": \"${ec2:SourceInstanceARN}\"\r\n        }\r\n      }\r\n    }\r\n  ]\r\n}\r\n"
              },
              {
                "name": "runner-describe-tags",
                "policy": "{\r\n  \"Version\": \"2012-10-17\",\r\n  \"Statement\": [\r\n      {          \r\n          \"Effect\": \"Allow\",\r\n          \"Action\": \"ec2:DescribeTags\",\r\n          \"Resource\": \"*\"          \r\n      }\r\n  ]\r\n}"
              },
              {
                "name": "runner-ssm-parameters",
                "policy": "{\r\n  \"Version\": \"2012-10-17\",\r\n  \"Statement\": [\r\n    {\r\n      \"Effect\": \"Allow\",\r\n      \"Action\": [\r\n        \"ssm:DeleteParameter\"\r\n      ],\r\n      \"Resource\": \"arn:aws:ssm:ap-northeast-1:442376921734:parameter/production-*\"\r\n    },\r\n    {\r\n      \"Effect\": \"Allow\",\r\n      \"Action\": [\r\n        \"ssm:GetParameter\",\r\n        \"ssm:GetParameters\",\r\n        \"ssm:GetParametersByPath\"\r\n      ],\r\n      \"Resource\": [\r\n        \"arn:aws:ssm:ap-northeast-1:442376921734:parameter/production-*\",\r\n        \"arn:aws:ssm:ap-northeast-1:442376921734:parameter/production/*\"\r\n      ]      \r\n    }\r\n  ]\r\n}\r\n"
              }
            ],
            "managed_policy_arns": [],
            "max_session_duration": 3600,
            "name": "production-runner-role",
            "name_prefix": "",
            "path": "/production/",
            "permissions_boundary": null,
            "tags": {
              "Environment": "production",
              "Name": "production-action-runner",
              "ghr:environment": "production"
            },
            "tags_all": {
              "Environment": "production",
              "Name": "production-action-runner",
              "ghr:environment": "production"
            },
            "unique_id": "AROAWN75YEKDNFB5ANVYB"
          },
          "sensitive_attributes": [],
          "private": "bnVsbA=="
        }
      ]
    },
    {
      "module": "module.github-runner.module.runners",
      "mode": "managed",
      "type": "aws_iam_role",
      "name": "scale_down",
      "provider": "provider[\"registry.terraform.io/hashicorp/aws\"]",
      "instances": [
        {
          "schema_version": 0,
          "attributes": {
            "arn": "arn:aws:iam::442376921734:role/production/production-action-scale-down-lambda-role",
            "assume_role_policy": "{\"Version\":\"2012-10-17\",\"Statement\":[{\"Sid\":\"\",\"Effect\":\"Allow\",\"Principal\":{\"Service\":\"lambda.amazonaws.com\"},\"Action\":\"sts:AssumeRole\"}]}",
            "create_date": "2025-04-16T10:19:52Z",
            "description": "",
            "force_detach_policies": false,
            "id": "production-action-scale-down-lambda-role",
            "inline_policy": [
              {
                "name": "production-lambda-logging",
                "policy": "{\r\n  \"Version\": \"2012-10-17\",\r\n  \"Statement\": [\r\n    {\r\n      \"Effect\": \"Allow\",\r\n      \"Action\": [\"logs:CreateLogStream\", \"logs:PutLogEvents\"],\r\n      \"Resource\": \"arn:aws:logs:ap-northeast-1:442376921734:log-group:/aws/lambda/production-scale-down*\"\r\n    }\r\n  ]\r\n}\r\n"
              },
              {
                "name": "production-lambda-scale-down-policy",
                "policy": "{\r\n    \"Version\": \"2012-10-17\",\r\n    \"Statement\": [\r\n        {\r\n            \"Effect\": \"Allow\",\r\n            \"Action\": [\r\n                \"ec2:DescribeInstances*\",\r\n                \"ec2:DescribeTags\"\r\n            ],\r\n            \"Resource\": [\r\n                \"*\"\r\n            ]\r\n        },\r\n        {\r\n            \"Effect\": \"Allow\",\r\n            \"Action\": [\r\n                \"ec2:TerminateInstances\"\r\n            ],\r\n            \"Resource\": [\r\n                \"*\"\r\n            ],\r\n            \"Condition\": {\r\n                \"StringEquals\": {\r\n                    \"ec2:ResourceTag/Application\": \"github-action-runner\"\r\n                }\r\n            }\r\n        },\r\n        {\r\n            \"Effect\": \"Allow\",\r\n            \"Action\": [\r\n                \"ssm:GetParameter\"\r\n            ],\r\n            \"Resource\": [\r\n                \"arn:aws:ssm:ap-northeast-1:442376921734:parameter/actions_runner/production/github_app_key_base64\",\r\n                \"arn:aws:ssm:ap-northeast-1:442376921734:parameter/actions_runner/production/github_app_id\"\r\n            ]\r\n        }\r\n    ]\r\n}\r\n"
              }
            ],
            "managed_policy_arns": [],
            "max_session_duration": 3600,
            "name": "production-action-scale-down-lambda-role",
            "name_prefix": "",
            "path": "/production/",
            "permissions_boundary": null,
            "tags": {
              "Environment": "production",
              "Name": "production-action-runner",
              "ghr:environment": "production"
            },
            "tags_all": {
              "Environment": "production",
              "Name": "production-action-runner",
              "ghr:environment": "production"
            },
            "unique_id": "AROAWN75YEKDITIWKEZGU"
          },
          "sensitive_attributes": [],
          "private": "bnVsbA==",
          "dependencies": [
            "module.github-runner.module.runners.data.aws_iam_policy_document.lambda_assume_role_policy"
          ]
        }
      ]
    },
    {
      "module": "module.github-runner.module.runners",
      "mode": "managed",
      "type": "aws_iam_role",
      "name": "scale_up",
      "provider": "provider[\"registry.terraform.io/hashicorp/aws\"]",
      "instances": [
        {
          "schema_version": 0,
          "attributes": {
            "arn": "arn:aws:iam::442376921734:role/production/production-action-scale-up-lambda-role",
            "assume_role_policy": "{\"Version\":\"2012-10-17\",\"Statement\":[{\"Sid\":\"\",\"Effect\":\"Allow\",\"Principal\":{\"Service\":\"lambda.amazonaws.com\"},\"Action\":\"sts:AssumeRole\"}]}",
            "create_date": "2025-04-16T10:19:52Z",
            "description": "",
            "force_detach_policies": false,
            "id": "production-action-scale-up-lambda-role",
            "inline_policy": [
              {
                "name": "production-lambda-logging",
                "policy": "{\r\n  \"Version\": \"2012-10-17\",\r\n  \"Statement\": [\r\n    {\r\n      \"Effect\": \"Allow\",\r\n      \"Action\": [\"logs:CreateLogStream\", \"logs:PutLogEvents\"],\r\n      \"Resource\": \"arn:aws:logs:ap-northeast-1:442376921734:log-group:/aws/lambda/production-scale-up*\"\r\n    }\r\n  ]\r\n}\r\n"
              },
              {
                "name": "production-lambda-scale-up-policy",
                "policy": "{\r\n    \"Version\": \"2012-10-17\",\r\n    \"Statement\": [\r\n        {\r\n            \"Effect\": \"Allow\",\r\n            \"Action\": [\r\n                \"ec2:DescribeInstances\",\r\n                \"ec2:DescribeTags\",\r\n                \"ec2:RunInstances\",\r\n                \"ec2:CreateFleet\",\r\n                \"ec2:CreateTags\"\r\n            ],\r\n            \"Resource\": [\r\n                \"*\"\r\n            ]\r\n        },\r\n        {\r\n            \"Effect\": \"Allow\",\r\n            \"Action\": \"iam:PassRole\",\r\n            \"Resource\": \"arn:aws:iam::442376921734:role/production/production-runner-role\"\r\n        },\r\n        {\r\n            \"Effect\": \"Allow\",\r\n            \"Action\": [\r\n                \"ssm:PutParameter\"\r\n            ],\r\n            \"Resource\": \"*\"\r\n        },\r\n        {\r\n            \"Effect\": \"Allow\",\r\n            \"Action\": [\r\n                \"ssm:GetParameter\"\r\n            ],\r\n            \"Resource\": [\r\n                \"arn:aws:ssm:ap-northeast-1:442376921734:parameter/actions_runner/production/github_app_key_base64\",\r\n                \"arn:aws:ssm:ap-northeast-1:442376921734:parameter/actions_runner/production/github_app_id\"\r\n            ]\r\n        },\r\n        {\r\n            \"Effect\": \"Allow\",\r\n            \"Action\": [\r\n                \"sqs:ReceiveMessage\",\r\n                \"sqs:GetQueueAttributes\",\r\n                \"sqs:DeleteMessage\"\r\n            ],\r\n            \"Resource\": \"arn:aws:sqs:ap-northeast-1:442376921734:production-queued-builds\"\r\n        }\r\n    ]\r\n}\r\n"
              }
            ],
            "managed_policy_arns": [],
            "max_session_duration": 3600,
            "name": "production-action-scale-up-lambda-role",
            "name_prefix": "",
            "path": "/production/",
            "permissions_boundary": null,
            "tags": {
              "Environment": "production",
              "Name": "production-action-runner",
              "ghr:environment": "production"
            },
            "tags_all": {
              "Environment": "production",
              "Name": "production-action-runner",
              "ghr:environment": "production"
            },
            "unique_id": "AROAWN75YEKDKYAOSLEAY"
          },
          "sensitive_attributes": [],
          "private": "bnVsbA==",
          "dependencies": [
            "module.github-runner.module.runners.data.aws_iam_policy_document.lambda_assume_role_policy"
          ]
        }
      ]
    },
    {
      "module": "module.github-runner.module.runners",
      "mode": "managed",
      "type": "aws_iam_role_policy",
      "name": "cloudwatch",
      "provider": "provider[\"registry.terraform.io/hashicorp/aws\"]",
      "instances": [
        {
          "index_key": 0,
          "schema_version": 0,
          "attributes": {
            "id": "production-runner-role:CloudWatchLogginAndMetrics",
            "name": "CloudWatchLogginAndMetrics",
            "name_prefix": null,
            "policy": "{\r\n    \"Version\": \"2012-10-17\",\r\n    \"Statement\": [\r\n        {\r\n            \"Effect\": \"Allow\",\r\n            \"Action\": [\r\n                \"cloudwatch:PutMetricData\",\r\n                \"ec2:DescribeVolumes\",\r\n                \"ec2:DescribeTags\",\r\n                \"logs:PutLogEvents\",\r\n                \"logs:DescribeLogStreams\",\r\n                \"logs:DescribeLogGroups\",\r\n                \"logs:CreateLogStream\"\r\n            ],\r\n            \"Resource\": \"*\"\r\n        },\r\n        {\r\n            \"Effect\": \"Allow\",\r\n            \"Action\": [\r\n                \"ssm:GetParameter\"\r\n            ],\r\n            \"Resource\": \"arn:aws:ssm:ap-northeast-1:442376921734:parameter/production-cloudwatch_agent_config_runner/*\"\r\n        }\r\n    ]\r\n}",
            "role": "production-runner-role"
          },
          "sensitive_attributes": [],
          "private": "bnVsbA==",
          "dependencies": [
            "module.github-runner.module.runners.aws_iam_role.runner",
            "module.github-runner.module.runners.aws_ssm_parameter.cloudwatch_agent_config_runner"
          ]
        }
      ]
    },
    {
      "module": "module.github-runner.module.runners",
      "mode": "managed",
      "type": "aws_iam_role_policy",
      "name": "describe_tags",
      "provider": "provider[\"registry.terraform.io/hashicorp/aws\"]",
      "instances": [
        {
          "schema_version": 0,
          "attributes": {
            "id": "production-runner-role:runner-describe-tags",
            "name": "runner-describe-tags",
            "name_prefix": null,
            "policy": "{\r\n  \"Version\": \"2012-10-17\",\r\n  \"Statement\": [\r\n      {          \r\n          \"Effect\": \"Allow\",\r\n          \"Action\": \"ec2:DescribeTags\",\r\n          \"Resource\": \"*\"          \r\n      }\r\n  ]\r\n}",
            "role": "production-runner-role"
          },
          "sensitive_attributes": [],
          "private": "bnVsbA==",
          "dependencies": [
            "module.github-runner.module.runners.aws_iam_role.runner"
          ]
        }
      ]
    },
    {
      "module": "module.github-runner.module.runners",
      "mode": "managed",
      "type": "aws_iam_role_policy",
      "name": "dist_bucket",
      "provider": "provider[\"registry.terraform.io/hashicorp/aws\"]",
      "instances": [
        {
          "schema_version": 0,
          "attributes": {
            "id": "production-runner-role:distribution-bucket",
            "name": "distribution-bucket",
            "name_prefix": null,
            "policy": "{\r\n  \"Version\": \"2012-10-17\",\r\n  \"Statement\": [\r\n    {\r\n      \"Sid\": \"githubActionDist\",\r\n      \"Effect\": \"Allow\",\r\n      \"Action\": [\"s3:GetObject\", \"s3:GetObjectAcl\"],\r\n      \"Resource\": [\"arn:aws:s3:::production-dist-la7zz7fnvfak0qztehes5q2g/*\"]\r\n    }\r\n  ]\r\n}\r\n",
            "role": "production-runner-role"
          },
          "sensitive_attributes": [],
          "private": "bnVsbA==",
          "dependencies": [
            "module.github-runner.module.runner_binaries.aws_s3_bucket.action_dist",
            "module.github-runner.module.runners.aws_iam_role.runner",
            "module.github-runner.random_string.random"
          ]
        }
      ]
    },
    {
      "module": "module.github-runner.module.runners",
      "mode": "managed",
      "type": "aws_iam_role_policy",
      "name": "ec2",
      "provider": "provider[\"registry.terraform.io/hashicorp/aws\"]",
      "instances": [
        {
          "schema_version": 0,
          "attributes": {
            "id": "production-runner-role:ec2",
            "name": "ec2",
            "name_prefix": null,
            "policy": "{\r\n  \"Version\": \"2012-10-17\",\r\n  \"Statement\": [\r\n    {\r\n      \"Effect\": \"Allow\",\r\n      \"Action\": \"ec2:TerminateInstances\",\r\n      \"Resource\": \"*\",\r\n      \"Condition\": {\r\n        \"StringEquals\": {\r\n          \"aws:ARN\": \"${ec2:SourceInstanceARN}\"\r\n        }\r\n      }\r\n    }\r\n  ]\r\n}\r\n",
            "role": "production-runner-role"
          },
          "sensitive_attributes": [],
          "private": "bnVsbA==",
          "dependencies": [
            "module.github-runner.module.runners.aws_iam_role.runner"
          ]
        }
      ]
    },
    {
      "module": "module.github-runner.module.runners",
      "mode": "managed",
      "type": "aws_iam_role_policy",
      "name": "scale_down",
      "provider": "provider[\"registry.terraform.io/hashicorp/aws\"]",
      "instances": [
        {
          "schema_version": 0,
          "attributes": {
            "id": "production-action-scale-down-lambda-role:production-lambda-scale-down-policy",
            "name": "production-lambda-scale-down-policy",
            "name_prefix": null,
            "policy": "{\r\n    \"Version\": \"2012-10-17\",\r\n    \"Statement\": [\r\n        {\r\n            \"Effect\": \"Allow\",\r\n            \"Action\": [\r\n                \"ec2:DescribeInstances*\",\r\n                \"ec2:DescribeTags\"\r\n            ],\r\n            \"Resource\": [\r\n                \"*\"\r\n            ]\r\n        },\r\n        {\r\n            \"Effect\": \"Allow\",\r\n            \"Action\": [\r\n                \"ec2:TerminateInstances\"\r\n            ],\r\n            \"Resource\": [\r\n                \"*\"\r\n            ],\r\n            \"Condition\": {\r\n                \"StringEquals\": {\r\n                    \"ec2:ResourceTag/Application\": \"github-action-runner\"\r\n                }\r\n            }\r\n        },\r\n        {\r\n            \"Effect\": \"Allow\",\r\n            \"Action\": [\r\n                \"ssm:GetParameter\"\r\n            ],\r\n            \"Resource\": [\r\n                \"arn:aws:ssm:ap-northeast-1:442376921734:parameter/actions_runner/production/github_app_key_base64\",\r\n                \"arn:aws:ssm:ap-northeast-1:442376921734:parameter/actions_runner/production/github_app_id\"\r\n            ]\r\n        }\r\n    ]\r\n}\r\n",
            "role": "production-action-scale-down-lambda-role"
          },
          "sensitive_attributes": [],
          "private": "bnVsbA==",
          "dependencies": [
            "module.github-runner.module.runners.aws_iam_role.scale_down",
            "module.github-runner.module.runners.data.aws_iam_policy_document.lambda_assume_role_policy",
            "module.github-runner.module.ssm.aws_ssm_parameter.github_app_id",
            "module.github-runner.module.ssm.aws_ssm_parameter.github_app_key_base64",
            "module.github-runner.module.ssm.aws_ssm_parameter.github_app_webhook_secret",
            "random_id.random"
          ]
        }
      ]
    },
    {
      "module": "module.github-runner.module.runners",
      "mode": "managed",
      "type": "aws_iam_role_policy",
      "name": "scale_down_logging",
      "provider": "provider[\"registry.terraform.io/hashicorp/aws\"]",
      "instances": [
        {
          "schema_version": 0,
          "attributes": {
            "id": "production-action-scale-down-lambda-role:production-lambda-logging",
            "name": "production-lambda-logging",
            "name_prefix": null,
            "policy": "{\r\n  \"Version\": \"2012-10-17\",\r\n  \"Statement\": [\r\n    {\r\n      \"Effect\": \"Allow\",\r\n      \"Action\": [\"logs:CreateLogStream\", \"logs:PutLogEvents\"],\r\n      \"Resource\": \"arn:aws:logs:ap-northeast-1:442376921734:log-group:/aws/lambda/production-scale-down*\"\r\n    }\r\n  ]\r\n}\r\n",
            "role": "production-action-scale-down-lambda-role"
          },
          "sensitive_attributes": [],
          "private": "bnVsbA==",
          "dependencies": [
            "module.github-runner.module.runners.aws_cloudwatch_log_group.scale_down",
            "module.github-runner.module.runners.aws_iam_role.scale_down",
            "module.github-runner.module.runners.aws_lambda_function.scale_down",
            "module.github-runner.module.runners.data.aws_iam_policy_document.lambda_assume_role_policy",
            "module.github-runner.module.ssm.aws_ssm_parameter.github_app_id",
            "module.github-runner.module.ssm.aws_ssm_parameter.github_app_key_base64",
            "module.github-runner.module.ssm.aws_ssm_parameter.github_app_webhook_secret",
            "random_id.random"
          ]
        }
      ]
    },
    {
      "module": "module.github-runner.module.runners",
      "mode": "managed",
      "type": "aws_iam_role_policy",
      "name": "scale_up",
      "provider": "provider[\"registry.terraform.io/hashicorp/aws\"]",
      "instances": [
        {
          "schema_version": 0,
          "attributes": {
            "id": "production-action-scale-up-lambda-role:production-lambda-scale-up-policy",
            "name": "production-lambda-scale-up-policy",
            "name_prefix": null,
            "policy": "{\r\n    \"Version\": \"2012-10-17\",\r\n    \"Statement\": [\r\n        {\r\n            \"Effect\": \"Allow\",\r\n            \"Action\": [\r\n                \"ec2:DescribeInstances\",\r\n                \"ec2:DescribeTags\",\r\n                \"ec2:RunInstances\",\r\n                \"ec2:CreateFleet\",\r\n                \"ec2:CreateTags\"\r\n            ],\r\n            \"Resource\": [\r\n                \"*\"\r\n            ]\r\n        },\r\n        {\r\n            \"Effect\": \"Allow\",\r\n            \"Action\": \"iam:PassRole\",\r\n            \"Resource\": \"arn:aws:iam::442376921734:role/production/production-runner-role\"\r\n        },\r\n        {\r\n            \"Effect\": \"Allow\",\r\n            \"Action\": [\r\n                \"ssm:PutParameter\"\r\n            ],\r\n            \"Resource\": \"*\"\r\n        },\r\n        {\r\n            \"Effect\": \"Allow\",\r\n            \"Action\": [\r\n                \"ssm:GetParameter\"\r\n            ],\r\n            \"Resource\": [\r\n                \"arn:aws:ssm:ap-northeast-1:442376921734:parameter/actions_runner/production/github_app_key_base64\",\r\n                \"arn:aws:ssm:ap-northeast-1:442376921734:parameter/actions_runner/production/github_app_id\"\r\n            ]\r\n        },\r\n        {\r\n            \"Effect\": \"Allow\",\r\n            \"Action\": [\r\n                \"sqs:ReceiveMessage\",\r\n                \"sqs:GetQueueAttributes\",\r\n                \"sqs:DeleteMessage\"\r\n            ],\r\n            \"Resource\": \"arn:aws:sqs:ap-northeast-1:442376921734:production-queued-builds\"\r\n        }\r\n    ]\r\n}\r\n",
            "role": "production-action-scale-up-lambda-role"
          },
          "sensitive_attributes": [],
          "private": "bnVsbA==",
          "dependencies": [
            "module.github-runner.aws_sqs_queue.queued_builds",
            "module.github-runner.aws_sqs_queue.queued_builds_dlq",
            "module.github-runner.module.runners.aws_iam_role.runner",
            "module.github-runner.module.runners.aws_iam_role.scale_up",
            "module.github-runner.module.runners.data.aws_iam_policy_document.lambda_assume_role_policy",
            "module.github-runner.module.ssm.aws_ssm_parameter.github_app_id",
            "module.github-runner.module.ssm.aws_ssm_parameter.github_app_key_base64",
            "module.github-runner.module.ssm.aws_ssm_parameter.github_app_webhook_secret",
            "random_id.random"
          ]
        }
      ]
    },
    {
      "module": "module.github-runner.module.runners",
      "mode": "managed",
      "type": "aws_iam_role_policy",
      "name": "scale_up_logging",
      "provider": "provider[\"registry.terraform.io/hashicorp/aws\"]",
      "instances": [
        {
          "schema_version": 0,
          "attributes": {
            "id": "production-action-scale-up-lambda-role:production-lambda-logging",
            "name": "production-lambda-logging",
            "name_prefix": null,
            "policy": "{\r\n  \"Version\": \"2012-10-17\",\r\n  \"Statement\": [\r\n    {\r\n      \"Effect\": \"Allow\",\r\n      \"Action\": [\"logs:CreateLogStream\", \"logs:PutLogEvents\"],\r\n      \"Resource\": \"arn:aws:logs:ap-northeast-1:442376921734:log-group:/aws/lambda/production-scale-up*\"\r\n    }\r\n  ]\r\n}\r\n",
            "role": "production-action-scale-up-lambda-role"
          },
          "sensitive_attributes": [],
          "private": "bnVsbA==",
          "dependencies": [
            "module.github-runner.module.runner_binaries.aws_s3_bucket.action_dist",
            "module.github-runner.module.runners.aws_cloudwatch_log_group.scale_up",
            "module.github-runner.module.runners.aws_iam_instance_profile.runner",
            "module.github-runner.module.runners.aws_iam_role.runner",
            "module.github-runner.module.runners.aws_iam_role.scale_up",
            "module.github-runner.module.runners.aws_lambda_function.scale_up",
            "module.github-runner.module.runners.aws_launch_template.runner",
            "module.github-runner.module.runners.aws_security_group.runner_sg",
            "module.github-runner.module.runners.aws_ssm_parameter.cloudwatch_agent_config_runner",
            "module.github-runner.module.runners.data.aws_ami.runner",
            "module.github-runner.module.runners.data.aws_iam_policy_document.lambda_assume_role_policy",
            "module.github-runner.module.ssm.aws_ssm_parameter.github_app_id",
            "module.github-runner.module.ssm.aws_ssm_parameter.github_app_key_base64",
            "module.github-runner.module.ssm.aws_ssm_parameter.github_app_webhook_secret",
            "module.github-runner.random_string.random",
            "random_id.random"
          ]
        }
      ]
    },
    {
      "module": "module.github-runner.module.runners",
      "mode": "managed",
      "type": "aws_iam_role_policy",
      "name": "ssm_parameters",
      "provider": "provider[\"registry.terraform.io/hashicorp/aws\"]",
      "instances": [
        {
          "schema_version": 0,
          "attributes": {
            "id": "production-runner-role:runner-ssm-parameters",
            "name": "runner-ssm-parameters",
            "name_prefix": null,
            "policy": "{\r\n  \"Version\": \"2012-10-17\",\r\n  \"Statement\": [\r\n    {\r\n      \"Effect\": \"Allow\",\r\n      \"Action\": [\r\n        \"ssm:DeleteParameter\"\r\n      ],\r\n      \"Resource\": \"arn:aws:ssm:ap-northeast-1:442376921734:parameter/production-*\"\r\n    },\r\n    {\r\n      \"Effect\": \"Allow\",\r\n      \"Action\": [\r\n        \"ssm:GetParameter\",\r\n        \"ssm:GetParameters\",\r\n        \"ssm:GetParametersByPath\"\r\n      ],\r\n      \"Resource\": [\r\n        \"arn:aws:ssm:ap-northeast-1:442376921734:parameter/production-*\",\r\n        \"arn:aws:ssm:ap-northeast-1:442376921734:parameter/production/*\"\r\n      ]      \r\n    }\r\n  ]\r\n}\r\n",
            "role": "production-runner-role"
          },
          "sensitive_attributes": [],
          "private": "bnVsbA==",
          "dependencies": [
            "module.github-runner.module.runners.aws_iam_role.runner",
            "module.github-runner.module.runners.data.aws_caller_identity.current"
          ]
        }
      ]
    },
    {
      "module": "module.github-runner.module.runners",
      "mode": "managed",
      "type": "aws_lambda_event_source_mapping",
      "name": "scale_up",
      "provider": "provider[\"registry.terraform.io/hashicorp/aws\"]",
      "instances": [
        {
          "schema_version": 0,
          "attributes": {
            "batch_size": 1,
            "bisect_batch_on_function_error": false,
            "destination_config": [],
            "enabled": true,
            "event_source_arn": "arn:aws:sqs:ap-northeast-1:442376921734:production-queued-builds",
            "filter_criteria": [],
            "function_arn": "arn:aws:lambda:ap-northeast-1:442376921734:function:production-scale-up",
            "function_name": "arn:aws:lambda:ap-northeast-1:442376921734:function:production-scale-up",
            "function_response_types": [],
            "id": "d361e777-a965-4ebc-b0f7-424e0e2c2044",
            "last_modified": "2025-04-16T10:20:33Z",
            "last_processing_result": "",
            "maximum_batching_window_in_seconds": 0,
            "maximum_record_age_in_seconds": 0,
            "maximum_retry_attempts": 0,
            "parallelization_factor": 0,
            "queues": [],
            "self_managed_event_source": [],
            "source_access_configuration": [],
            "starting_position": "",
            "starting_position_timestamp": "",
            "state": "Enabled",
            "state_transition_reason": "USER_INITIATED",
            "topics": [],
            "tumbling_window_in_seconds": 0,
            "uuid": "d361e777-a965-4ebc-b0f7-424e0e2c2044"
          },
          "sensitive_attributes": [],
          "private": "bnVsbA==",
          "dependencies": [
            "module.github-runner.aws_sqs_queue.queued_builds",
            "module.github-runner.aws_sqs_queue.queued_builds_dlq",
            "module.github-runner.module.runner_binaries.aws_s3_bucket.action_dist",
            "module.github-runner.module.runners.aws_iam_instance_profile.runner",
            "module.github-runner.module.runners.aws_iam_role.runner",
            "module.github-runner.module.runners.aws_iam_role.scale_up",
            "module.github-runner.module.runners.aws_lambda_function.scale_up",
            "module.github-runner.module.runners.aws_launch_template.runner",
            "module.github-runner.module.runners.aws_security_group.runner_sg",
            "module.github-runner.module.runners.aws_ssm_parameter.cloudwatch_agent_config_runner",
            "module.github-runner.module.runners.data.aws_ami.runner",
            "module.github-runner.module.runners.data.aws_iam_policy_document.lambda_assume_role_policy",
            "module.github-runner.module.ssm.aws_ssm_parameter.github_app_id",
            "module.github-runner.module.ssm.aws_ssm_parameter.github_app_key_base64",
            "module.github-runner.module.ssm.aws_ssm_parameter.github_app_webhook_secret",
            "module.github-runner.random_string.random",
            "random_id.random"
          ]
        }
      ]
    },
    {
      "module": "module.github-runner.module.runners",
      "mode": "managed",
      "type": "aws_lambda_function",
      "name": "scale_down",
      "provider": "provider[\"registry.terraform.io/hashicorp/aws\"]",
      "instances": [
        {
          "schema_version": 0,
          "attributes": {
            "architectures": [
              "x86_64"
            ],
            "arn": "arn:aws:lambda:ap-northeast-1:442376921734:function:production-scale-down",
            "code_signing_config_arn": "",
            "dead_letter_config": [],
            "description": "",
            "environment": [
              {
                "variables": {
                  "ENVIRONMENT": "production",
                  "LOG_LEVEL": "info",
                  "LOG_TYPE": "pretty",
                  "MINIMUM_RUNNING_TIME_IN_MINUTES": "15",
                  "NODE_TLS_REJECT_UNAUTHORIZED": "1",
                  "PARAMETER_GITHUB_APP_ID_NAME": "/actions_runner/production/github_app_id",
                  "PARAMETER_GITHUB_APP_KEY_BASE64_NAME": "/actions_runner/production/github_app_key_base64",
                  "RUNNER_BOOT_TIME_IN_MINUTES": "20",
                  "SCALE_DOWN_CONFIG": "[]"
                }
              }
            ],
            "file_system_config": [],
            "filename": "C:\\Users\\tokyo\\Videos\\webhook.zip",
            "function_name": "production-scale-down",
            "handler": "index.scaleDownHandler",
            "id": "production-scale-down",
            "image_config": [],
            "image_uri": "",
            "invoke_arn": "arn:aws:apigateway:ap-northeast-1:lambda:path/2015-03-31/functions/arn:aws:lambda:ap-northeast-1:442376921734:function:production-scale-down/invocations",
            "kms_key_arn": "",
            "last_modified": "2025-04-16T13:23:27.000+0000",
            "layers": [],
            "memory_size": 512,
            "package_type": "Zip",
            "publish": false,
            "qualified_arn": "arn:aws:lambda:ap-northeast-1:442376921734:function:production-scale-down:$LATEST",
            "reserved_concurrent_executions": -1,
            "role": "arn:aws:iam::442376921734:role/production/production-action-scale-down-lambda-role",
            "runtime": "nodejs14.x",
            "s3_bucket": null,
            "s3_key": null,
            "s3_object_version": null,
            "signing_job_arn": "",
            "signing_profile_version_arn": "",
            "source_code_hash": "w4Z7esmSGvjaiI/L0Hf780WgLesPx/0cINsLas08M38=",
            "source_code_size": 378233,
            "tags": {
              "Environment": "production",
              "Name": "production-action-runner",
              "ghr:environment": "production"
            },
            "tags_all": {
              "Environment": "production",
              "Name": "production-action-runner",
              "ghr:environment": "production"
            },
            "timeout": 60,
            "timeouts": null,
            "tracing_config": [
              {
                "mode": "PassThrough"
              }
            ],
            "version": "$LATEST",
            "vpc_config": []
          },
          "sensitive_attributes": [],
          "private": "eyJlMmJmYjczMC1lY2FhLTExZTYtOGY4OC0zNDM2M2JjN2M0YzAiOnsiY3JlYXRlIjo2MDAwMDAwMDAwMDB9fQ==",
          "dependencies": [
            "module.github-runner.module.runners.aws_iam_role.scale_down",
            "module.github-runner.module.runners.data.aws_iam_policy_document.lambda_assume_role_policy",
            "module.github-runner.module.ssm.aws_ssm_parameter.github_app_id",
            "module.github-runner.module.ssm.aws_ssm_parameter.github_app_key_base64",
            "module.github-runner.module.ssm.aws_ssm_parameter.github_app_webhook_secret",
            "random_id.random"
          ]
        }
      ]
    },
    {
      "module": "module.github-runner.module.runners",
      "mode": "managed",
      "type": "aws_lambda_function",
      "name": "scale_up",
      "provider": "provider[\"registry.terraform.io/hashicorp/aws\"]",
      "instances": [
        {
          "schema_version": 0,
          "attributes": {
            "architectures": [
              "x86_64"
            ],
            "arn": "arn:aws:lambda:ap-northeast-1:442376921734:function:production-scale-up",
            "code_signing_config_arn": "",
            "dead_letter_config": [],
            "description": "",
            "environment": [
              {
                "variables": {
                  "DISABLE_RUNNER_AUTOUPDATE": "false",
                  "ENABLE_EPHEMERAL_RUNNERS": "false",
                  "ENABLE_ORGANIZATION_RUNNERS": "false",
                  "ENVIRONMENT": "production",
                  "INSTANCE_ALLOCATION_STRATEGY": "lowest-price",
                  "INSTANCE_TARGET_CAPACITY_TYPE": "spot",
                  "INSTANCE_TYPES": "m5.large,c5.large",
                  "LAUNCH_TEMPLATE_NAME": "production-action-runner",
                  "LOG_LEVEL": "info",
                  "LOG_TYPE": "pretty",
                  "NODE_TLS_REJECT_UNAUTHORIZED": "1",
                  "PARAMETER_GITHUB_APP_ID_NAME": "/actions_runner/production/github_app_id",
                  "PARAMETER_GITHUB_APP_KEY_BASE64_NAME": "/actions_runner/production/github_app_key_base64",
                  "RUNNERS_MAXIMUM_COUNT": "3",
                  "RUNNER_EXTRA_LABELS": "default,example",
                  "RUNNER_GROUP_NAME": "Default",
                  "SUBNET_IDS": "subnet-04686dd67deaa1893"
                }
              }
            ],
            "file_system_config": [],
            "filename": "C:\\Users\\tokyo\\Videos\\webhook.zip",
            "function_name": "production-scale-up",
            "handler": "index.scaleUpHandler",
            "id": "production-scale-up",
            "image_config": [],
            "image_uri": "",
            "invoke_arn": "arn:aws:apigateway:ap-northeast-1:lambda:path/2015-03-31/functions/arn:aws:lambda:ap-northeast-1:442376921734:function:production-scale-up/invocations",
            "kms_key_arn": "",
            "last_modified": "2025-04-16T13:23:27.000+0000",
            "layers": [],
            "memory_size": 512,
            "package_type": "Zip",
            "publish": false,
            "qualified_arn": "arn:aws:lambda:ap-northeast-1:442376921734:function:production-scale-up:$LATEST",
            "reserved_concurrent_executions": 1,
            "role": "arn:aws:iam::442376921734:role/production/production-action-scale-up-lambda-role",
            "runtime": "nodejs14.x",
            "s3_bucket": null,
            "s3_key": null,
            "s3_object_version": null,
            "signing_job_arn": "",
            "signing_profile_version_arn": "",
            "source_code_hash": "w4Z7esmSGvjaiI/L0Hf780WgLesPx/0cINsLas08M38=",
            "source_code_size": 378233,
            "tags": {
              "Environment": "production",
              "Name": "production-action-runner",
              "ghr:environment": "production"
            },
            "tags_all": {
              "Environment": "production",
              "Name": "production-action-runner",
              "ghr:environment": "production"
            },
            "timeout": 30,
            "timeouts": null,
            "tracing_config": [
              {
                "mode": "PassThrough"
              }
            ],
            "version": "$LATEST",
            "vpc_config": []
          },
          "sensitive_attributes": [],
          "private": "eyJlMmJmYjczMC1lY2FhLTExZTYtOGY4OC0zNDM2M2JjN2M0YzAiOnsiY3JlYXRlIjo2MDAwMDAwMDAwMDB9fQ==",
          "dependencies": [
            "module.github-runner.module.runner_binaries.aws_s3_bucket.action_dist",
            "module.github-runner.module.runners.aws_iam_instance_profile.runner",
            "module.github-runner.module.runners.aws_iam_role.runner",
            "module.github-runner.module.runners.aws_iam_role.scale_up",
            "module.github-runner.module.runners.aws_launch_template.runner",
            "module.github-runner.module.runners.aws_security_group.runner_sg",
            "module.github-runner.module.runners.aws_ssm_parameter.cloudwatch_agent_config_runner",
            "module.github-runner.module.runners.data.aws_ami.runner",
            "module.github-runner.module.runners.data.aws_iam_policy_document.lambda_assume_role_policy",
            "module.github-runner.module.ssm.aws_ssm_parameter.github_app_id",
            "module.github-runner.module.ssm.aws_ssm_parameter.github_app_key_base64",
            "module.github-runner.module.ssm.aws_ssm_parameter.github_app_webhook_secret",
            "module.github-runner.random_string.random",
            "random_id.random"
          ]
        }
      ]
    },
    {
      "module": "module.github-runner.module.runners",
      "mode": "managed",
      "type": "aws_lambda_permission",
      "name": "scale_down",
      "provider": "provider[\"registry.terraform.io/hashicorp/aws\"]",
      "instances": [
        {
          "schema_version": 0,
          "attributes": {
            "action": "lambda:InvokeFunction",
            "event_source_token": null,
            "function_name": "production-scale-down",
            "id": "AllowExecutionFromCloudWatch",
            "principal": "events.amazonaws.com",
            "qualifier": "",
            "source_account": null,
            "source_arn": "arn:aws:events:ap-northeast-1:442376921734:rule/production-scale-down-rule",
            "statement_id": "AllowExecutionFromCloudWatch",
            "statement_id_prefix": null
          },
          "sensitive_attributes": [],
          "private": "bnVsbA==",
          "dependencies": [
            "module.github-runner.module.runners.aws_cloudwatch_event_rule.scale_down",
            "module.github-runner.module.runners.aws_iam_role.scale_down",
            "module.github-runner.module.runners.aws_lambda_function.scale_down",
            "module.github-runner.module.runners.data.aws_iam_policy_document.lambda_assume_role_policy",
            "module.github-runner.module.ssm.aws_ssm_parameter.github_app_id",
            "module.github-runner.module.ssm.aws_ssm_parameter.github_app_key_base64",
            "module.github-runner.module.ssm.aws_ssm_parameter.github_app_webhook_secret",
            "random_id.random"
          ]
        }
      ]
    },
    {
      "module": "module.github-runner.module.runners",
      "mode": "managed",
      "type": "aws_lambda_permission",
      "name": "scale_runners_lambda",
      "provider": "provider[\"registry.terraform.io/hashicorp/aws\"]",
      "instances": [
        {
          "schema_version": 0,
          "attributes": {
            "action": "lambda:InvokeFunction",
            "event_source_token": null,
            "function_name": "production-scale-up",
            "id": "AllowExecutionFromSQS",
            "principal": "sqs.amazonaws.com",
            "qualifier": "",
            "source_account": null,
            "source_arn": "arn:aws:sqs:ap-northeast-1:442376921734:production-queued-builds",
            "statement_id": "AllowExecutionFromSQS",
            "statement_id_prefix": null
          },
          "sensitive_attributes": [],
          "private": "bnVsbA==",
          "dependencies": [
            "module.github-runner.aws_sqs_queue.queued_builds",
            "module.github-runner.aws_sqs_queue.queued_builds_dlq",
            "module.github-runner.module.runner_binaries.aws_s3_bucket.action_dist",
            "module.github-runner.module.runners.aws_iam_instance_profile.runner",
            "module.github-runner.module.runners.aws_iam_role.runner",
            "module.github-runner.module.runners.aws_iam_role.scale_up",
            "module.github-runner.module.runners.aws_lambda_function.scale_up",
            "module.github-runner.module.runners.aws_launch_template.runner",
            "module.github-runner.module.runners.aws_security_group.runner_sg",
            "module.github-runner.module.runners.aws_ssm_parameter.cloudwatch_agent_config_runner",
            "module.github-runner.module.runners.data.aws_ami.runner",
            "module.github-runner.module.runners.data.aws_iam_policy_document.lambda_assume_role_policy",
            "module.github-runner.module.ssm.aws_ssm_parameter.github_app_id",
            "module.github-runner.module.ssm.aws_ssm_parameter.github_app_key_base64",
            "module.github-runner.module.ssm.aws_ssm_parameter.github_app_webhook_secret",
            "module.github-runner.random_string.random",
            "random_id.random"
          ]
        }
      ]
    },
    {
      "module": "module.github-runner.module.runners",
      "mode": "managed",
      "type": "aws_launch_template",
      "name": "runner",
      "provider": "provider[\"registry.terraform.io/hashicorp/aws\"]",
      "instances": [
        {
          "schema_version": 0,
          "attributes": {
            "arn": "arn:aws:ec2:ap-northeast-1:442376921734:launch-template/lt-0c624c394114dde30",
            "block_device_mappings": [
              {
                "device_name": "/dev/xvda",
                "ebs": [
                  {
                    "delete_on_termination": "true",
                    "encrypted": "true",
                    "iops": 0,
                    "kms_key_id": "",
                    "snapshot_id": "",
                    "throughput": 0,
                    "volume_size": 30,
                    "volume_type": "gp3"
                  }
                ],
                "no_device": "",
                "virtual_name": ""
              }
            ],
            "capacity_reservation_specification": [],
            "cpu_options": [],
            "credit_specification": [],
            "default_version": 1,
            "description": "",
            "disable_api_termination": false,
            "ebs_optimized": "",
            "elastic_gpu_specifications": [],
            "elastic_inference_accelerator": [],
            "enclave_options": [],
            "hibernation_options": [],
            "iam_instance_profile": [
              {
                "arn": "",
                "name": "production-runner-profile"
              }
            ],
            "id": "lt-0c624c394114dde30",
            "image_id": "ami-046671247ccfde0e8",
            "instance_initiated_shutdown_behavior": "terminate",
            "instance_market_options": [],
            "instance_type": "",
            "kernel_id": "",
            "key_name": "",
            "latest_version": 1,
            "license_specification": [],
            "metadata_options": [
              {
                "http_endpoint": "enabled",
                "http_protocol_ipv6": "disabled",
                "http_put_response_hop_limit": 1,
                "http_tokens": "optional",
                "instance_metadata_tags": "disabled"
              }
            ],
            "monitoring": [],
            "name": "production-action-runner",
            "name_prefix": "",
            "network_interfaces": [],
            "placement": [],
            "ram_disk_id": "",
            "security_group_names": [],
            "tag_specifications": [
              {
                "resource_type": "instance",
                "tags": {
                  "Environment": "production",
                  "Name": "production-action-runner",
                  "ghr:environment": "production"
                }
              },
              {
                "resource_type": "volume",
                "tags": {
                  "Environment": "production",
                  "Name": "production-action-runner",
                  "ghr:environment": "production"
                }
              }
            ],
            "tags": {
              "Environment": "production",
              "Name": "production-action-runner",
              "ghr:environment": "production"
            },
            "tags_all": {
              "Environment": "production",
              "Name": "production-action-runner",
              "ghr:environment": "production"
            },
            "update_default_version": true,
            "user_data": "PHBvd2Vyc2hlbGw+DQokRXJyb3JBY3Rpb25QcmVmZXJlbmNlID0gIkNvbnRpbnVlIg0KJFZlcmJvc2VQcmVmZXJlbmNlID0gIkNvbnRpbnVlIg0KU3RhcnQtVHJhbnNjcmlwdCAtUGF0aCAiQzpcVXNlckRhdGEubG9nIiAtQXBwZW5kDQoNCg0KDQojIEluc3RhbGwgQ2hvY29sYXRleQ0KW1N5c3RlbS5OZXQuU2VydmljZVBvaW50TWFuYWdlcl06OlNlY3VyaXR5UHJvdG9jb2wgPSBbU3lzdGVtLk5ldC5TZWN1cml0eVByb3RvY29sVHlwZV06OlRsczEyDQokZW52OmNob2NvbGF0ZXlVc2VXaW5kb3dzQ29tcHJlc3Npb24gPSAndHJ1ZScNCkludm9rZS1XZWJSZXF1ZXN0IGh0dHBzOi8vY2hvY29sYXRleS5vcmcvaW5zdGFsbC5wczEgLVVzZUJhc2ljUGFyc2luZyB8IEludm9rZS1FeHByZXNzaW9uDQoNCiMgQWRkIENob2NvbGF0ZXkgdG8gcG93ZXJzaGVsbCBwcm9maWxlDQokQ2hvY29Qcm9maWxlVmFsdWUgPSBAJw0KJENob2NvbGF0ZXlQcm9maWxlID0gIiRlbnY6Q2hvY29sYXRleUluc3RhbGxcaGVscGVyc1xjaG9jb2xhdGV5UHJvZmlsZS5wc20xIg0KaWYgKFRlc3QtUGF0aCgkQ2hvY29sYXRleVByb2ZpbGUpKSB7DQogIEltcG9ydC1Nb2R1bGUgIiRDaG9jb2xhdGV5UHJvZmlsZSINCn0NCg0KcmVmcmVzaGVudg0KJ0ANCiMgV3JpdGUgaXQgdG8gdGhlICRwcm9maWxlIGxvY2F0aW9uDQpTZXQtQ29udGVudCAtUGF0aCAiJFBzSG9tZVxNaWNyb3NvZnQuUG93ZXJTaGVsbF9wcm9maWxlLnBzMSIgLVZhbHVlICRDaG9jb1Byb2ZpbGVWYWx1ZSAtRm9yY2UNCiMgU291cmNlIGl0DQouICIkUHNIb21lXE1pY3Jvc29mdC5Qb3dlclNoZWxsX3Byb2ZpbGUucHMxIg0KDQoNCnJlZnJlc2hlbnYNCg0KV3JpdGUtSG9zdCAiSW5zdGFsbGluZyBjbG91ZHdhdGNoIGFnZW50Li4uIg0KSW52b2tlLVdlYlJlcXVlc3QgLVVyaSBodHRwczovL3MzLmFtYXpvbmF3cy5jb20vYW1hem9uY2xvdWR3YXRjaC1hZ2VudC93aW5kb3dzL2FtZDY0L2xhdGVzdC9hbWF6b24tY2xvdWR3YXRjaC1hZ2VudC5tc2kgLU91dEZpbGUgQzpcYW1hem9uLWNsb3Vkd2F0Y2gtYWdlbnQubXNpDQokY2xvdWR3YXRjaFBhcmFtcyA9ICcvaScsICdDOlxhbWF6b24tY2xvdWR3YXRjaC1hZ2VudC5tc2knLCAnL3FuJywgJy9MKnYnLCAnQzpcQ2xvdWR3YXRjaEluc3RhbGwubG9nJw0KU3RhcnQtUHJvY2VzcyAibXNpZXhlYy5leGUiICRjbG91ZHdhdGNoUGFyYW1zIC1XYWl0IC1Ob05ld1dpbmRvdw0KUmVtb3ZlLUl0ZW0gQzpcYW1hem9uLWNsb3Vkd2F0Y2gtYWdlbnQubXNpDQoNCg0KIyBJbnN0YWxsIGRlcGVuZGVudCB0b29scw0KV3JpdGUtSG9zdCAiSW5zdGFsbGluZyBhZGRpdGlvbmFsIGRldmVsb3BtZW50IHRvb2xzIg0KY2hvY28gaW5zdGFsbCBnaXQgYXdzY2xpIC15DQpyZWZyZXNoZW52DQoNCiMjIGluc3RhbGwgdGhlIHJ1bm5lcg0KDQpXcml0ZS1Ib3N0ICJDcmVhdGluZyBhY3Rpb25zLXJ1bm5lciBkaXJlY3RvcnkgZm9yIHRoZSBHSCBBY3Rpb24gaW5zdGFsbHRpb24iDQpOZXctSXRlbSAtSXRlbVR5cGUgRGlyZWN0b3J5IC1QYXRoIEM6XGFjdGlvbnMtcnVubmVyIDsgU2V0LUxvY2F0aW9uIEM6XGFjdGlvbnMtcnVubmVyDQoNCldyaXRlLUhvc3QgIkRvd25sb2FkaW5nIHRoZSBHSCBBY3Rpb24gcnVubmVyIGZyb20gczMgYnVja2V0ICRzM19sb2NhdGlvbiINCmF3cyBzMyBjcCBzMzovL3Byb2R1Y3Rpb24tZGlzdC1sYTd6ejdmbnZmYWswcXp0ZWhlczVxMmcvYWN0aW9ucy1ydW5uZXItd2luZG93cy56aXAgYWN0aW9ucy1ydW5uZXIuemlwDQoNCldyaXRlLUhvc3QgIlVuLXppcCBhY3Rpb24gcnVubmVyIg0KRXhwYW5kLUFyY2hpdmUgLVBhdGggYWN0aW9ucy1ydW5uZXIuemlwIC1EZXN0aW5hdGlvblBhdGggLg0KDQpXcml0ZS1Ib3N0ICJEZWxldGUgemlwIGZpbGUiDQpSZW1vdmUtSXRlbSBhY3Rpb25zLXJ1bm5lci56aXANCg0KDQoNCg0KIyMgUmV0cmlldmUgaW5zdGFuY2UgbWV0YWRhdGENCg0KV3JpdGUtSG9zdCAgIlJldHJpZXZpbmcgVE9LRU4gZnJvbSBBV1MgQVBJIg0KJHRva2VuPUludm9rZS1SZXN0TWV0aG9kIC1NZXRob2QgUFVUIC1VcmkgImh0dHA6Ly8xNjkuMjU0LjE2OS4yNTQvbGF0ZXN0L2FwaS90b2tlbiIgLUhlYWRlcnMgQHsiWC1hd3MtZWMyLW1ldGFkYXRhLXRva2VuLXR0bC1zZWNvbmRzIiA9ICIxODAifQ0KDQokbWV0YWRhdGE9SW52b2tlLVJlc3RNZXRob2QgLVVyaSAiaHR0cDovLzE2OS4yNTQuMTY5LjI1NC9sYXRlc3QvZHluYW1pYy9pbnN0YW5jZS1pZGVudGl0eS9kb2N1bWVudCIgLUhlYWRlcnMgQHsiWC1hd3MtZWMyLW1ldGFkYXRhLXRva2VuIiA9ICR0b2tlbn0NCg0KJFJlZ2lvbiA9ICRtZXRhZGF0YS5yZWdpb24NCldyaXRlLUhvc3QgICJSZXRlaWV2ZWQgUkVHSU9OIGZyb20gQVdTIEFQSSAoJFJlZ2lvbikiDQoNCiRJbnN0YW5jZUlkID0gJG1ldGFkYXRhLmluc3RhbmNlSWQNCldyaXRlLUhvc3QgICJSZXRlaWV2ZWQgSW5zdGFuY2VJZCBmcm9tIEFXUyBBUEkgKCRJbnN0YW5jZUlkKSINCg0KJHRhZ3M9YXdzIGVjMiBkZXNjcmliZS10YWdzIC0tcmVnaW9uICIkUmVnaW9uIiAtLWZpbHRlcnMgIk5hbWU9cmVzb3VyY2UtaWQsVmFsdWVzPSRJbnN0YW5jZUlkIiB8IENvbnZlcnRGcm9tLUpzb24NCldyaXRlLUhvc3QgICJSZXRyaWV2ZWQgdGFncyBmcm9tIEFXUyBBUEkiDQoNCiRlbnZpcm9ubWVudD0kdGFncy5UYWdzLndoZXJlKCB7JF8uS2V5IC1lcSAnZ2hyOmVudmlyb25tZW50J30pLnZhbHVlDQpXcml0ZS1Ib3N0ICAiUmV0ZWlldmVkIGdocjplbnZpcm9ubWVudCB0YWcgLSAoJGVudmlyb25tZW50KSINCg0KJHBhcmFtZXRlcnM9JChhd3Mgc3NtIGdldC1wYXJhbWV0ZXJzLWJ5LXBhdGggLS1wYXRoICIvJGVudmlyb25tZW50L3J1bm5lciIgLS1yZWdpb24gIiRSZWdpb24iIC0tcXVlcnkgIlBhcmFtZXRlcnNbKl0ue05hbWU6TmFtZSxWYWx1ZTpWYWx1ZX0iKSB8IENvbnZlcnRGcm9tLUpzb24NCldyaXRlLUhvc3QgICJSZXRyaWV2ZWQgcGFyYW1ldGVycyBmcm9tIEFXUyBTU00iDQoNCiRydW5fYXM9JHBhcmFtZXRlcnMud2hlcmUoIHskXy5OYW1lIC1lcSAiLyRlbnZpcm9ubWVudC9ydW5uZXIvcnVuLWFzIn0pLnZhbHVlDQpXcml0ZS1Ib3N0ICAiUmV0cmlldmVkIC8kZW52aXJvbm1lbnQvcnVubmVyL3J1bi1hcyBwYXJhbWV0ZXIgLSAoJHJ1bl9hcykiDQoNCiRlbmFibGVfY2xvdWR3YXRjaF9hZ2VudD0kcGFyYW1ldGVycy53aGVyZSggeyRfLk5hbWUgLWVxICIvJGVudmlyb25tZW50L3J1bm5lci9lbmFibGUtY2xvdWR3YXRjaCJ9KS52YWx1ZQ0KV3JpdGUtSG9zdCAgIlJldHJpZXZlZCAvJGVudmlyb25tZW50L3J1bm5lci9lbmFibGUtY2xvdWR3YXRjaCBwYXJhbWV0ZXIgLSAoJGVuYWJsZV9jbG91ZHdhdGNoX2FnZW50KSINCg0KJGFnZW50X21vZGU9JHBhcmFtZXRlcnMud2hlcmUoIHskXy5OYW1lIC1lcSAiLyRlbnZpcm9ubWVudC9ydW5uZXIvYWdlbnQtbW9kZSJ9KS52YWx1ZQ0KV3JpdGUtSG9zdCAgIlJldHJpZXZlZCAvJGVudmlyb25tZW50L3J1bm5lci9hZ2VudC1tb2RlIHBhcmFtZXRlciAtICgkYWdlbnRfbW9kZSkiDQoNCmlmICgkZW5hYmxlX2Nsb3Vkd2F0Y2hfYWdlbnQpDQp7DQogICAgV3JpdGUtSG9zdCAgIkVuYWJsaW5nIENsb3VkV2F0Y2ggQWdlbnQiICAgIA0KICAgICYgJ0M6XFByb2dyYW0gRmlsZXNcQW1hem9uXEFtYXpvbkNsb3VkV2F0Y2hBZ2VudFxhbWF6b24tY2xvdWR3YXRjaC1hZ2VudC1jdGwucHMxJyAtYSBmZXRjaC1jb25maWcgLW0gZWMyIC1zIC1jICJzc206JGVudmlyb25tZW50LWNsb3Vkd2F0Y2hfYWdlbnRfY29uZmlnX3J1bm5lciINCn0NCg0KIyMgQ29uZmlndXJlIHRoZSBydW5uZXINCg0KV3JpdGUtSG9zdCAiR2V0IEdIIFJ1bm5lciBjb25maWcgZnJvbSBBV1MgU1NNIg0KJGNvbmZpZyA9ICRudWxsDQokaSA9IDANCmRvIHsNCiAgICAkY29uZmlnID0gKGF3cyBzc20gZ2V0LXBhcmFtZXRlcnMgLS1uYW1lcyAiJGVudmlyb25tZW50LSRJbnN0YW5jZUlkIiAtLXdpdGgtZGVjcnlwdGlvbiAtLXJlZ2lvbiAkUmVnaW9uICAtLXF1ZXJ5ICJQYXJhbWV0ZXJzWypdLntOYW1lOk5hbWUsVmFsdWU6VmFsdWV9IiB8IENvbnZlcnRGcm9tLUpzb24pWzBdLnZhbHVlICAgIA0KICAgIFdyaXRlLUhvc3QgIldhaXRpbmcgZm9yIEdIIFJ1bm5lciBjb25maWcgdG8gYmVjb21lIGF2YWlsYWJsZSBpbiBBV1MgU1NNICgkaS8zMCkiDQogICAgU3RhcnQtU2xlZXAgMQ0KICAgICRpKysNCn0gd2hpbGUgKCgkbnVsbCAtZXEgJGNvbmZpZykgLWFuZCAoJGkgLWx0IDMwKSkNCg0KV3JpdGUtSG9zdCAiRGVsZXRlIEdIIFJ1bm5lciB0b2tlbiBmcm9tIEFXUyBTU00iDQphd3Mgc3NtIGRlbGV0ZS1wYXJhbWV0ZXIgLS1uYW1lICIkZW52aXJvbm1lbnQtJEluc3RhbmNlSWQiIC0tcmVnaW9uICRSZWdpb24NCg0KIyBDcmVhdGUgb3IgdXBkYXRlIHVzZXINCmlmICgtbm90KCRydW5fYXMpKSB7DQogIFdyaXRlLUhvc3QgIk5vIHVzZXIgc3BlY2lmaWVkLCB1c2luZyBkZWZhdWx0IGVjMi11c2VyIGFjY291bnQiDQogICRydW5fYXM9ImVjMi11c2VyIg0KfQ0KQWRkLVR5cGUgLUFzc2VtYmx5TmFtZSAiU3lzdGVtLldlYiINCiRwYXNzd29yZCA9IFtTeXN0ZW0uV2ViLlNlY3VyaXR5Lk1lbWJlcnNoaXBdOjpHZW5lcmF0ZVBhc3N3b3JkKDI0LCA0KQ0KJHNlY3VyZVBhc3N3b3JkID0gQ29udmVydFRvLVNlY3VyZVN0cmluZyAkcGFzc3dvcmQgLUFzUGxhaW5UZXh0IC1Gb3JjZQ0KJHVzZXJuYW1lID0gJHJ1bl9hcw0KaWYgKCEoR2V0LUxvY2FsVXNlciAtTmFtZSAkdXNlcm5hbWUgLUVycm9yQWN0aW9uIElnbm9yZSkpIHsNCiAgICBOZXctTG9jYWxVc2VyIC1OYW1lICR1c2VybmFtZSAtUGFzc3dvcmQgJHNlY3VyZVBhc3N3b3JkDQogICAgV3JpdGUtSG9zdCAiQ3JlYXRlZCBuZXcgdXNlciAoJHVzZXJuYW1lKSINCn0NCmVsc2Ugew0KICAgIFNldC1Mb2NhbFVzZXIgLU5hbWUgJHVzZXJuYW1lIC1QYXNzd29yZCAkc2VjdXJlUGFzc3dvcmQNCiAgICBXcml0ZS1Ib3N0ICJDaGFuZ2VkIHBhc3N3b3JkIGZvciB1c2VyICgkdXNlcm5hbWUpIg0KfQ0KIyBBZGQgdXNlciB0byBncm91cHMNCmZvcmVhY2ggKCRncm91cCBpbiBAKCJBZG1pbmlzdHJhdG9ycyIsICJkb2NrZXItdXNlcnMiKSkgew0KICAgIGlmICgoR2V0LUxvY2FsR3JvdXAgLU5hbWUgIiRncm91cCIgLUVycm9yQWN0aW9uIElnbm9yZSkgLWFuZA0KICAgICAgICAhKEdldC1Mb2NhbEdyb3VwTWVtYmVyIC1Hcm91cCAiJGdyb3VwIiAtTWVtYmVyICR1c2VybmFtZSAtRXJyb3JBY3Rpb24gSWdub3JlKSkgew0KICAgICAgICBBZGQtTG9jYWxHcm91cE1lbWJlciAtR3JvdXAgIiRncm91cCIgLU1lbWJlciAkdXNlcm5hbWUNCiAgICAgICAgV3JpdGUtSG9zdCAiQWRkZWQgJHVzZXJuYW1lIHRvICRncm91cCBncm91cCINCiAgICB9DQp9DQoNCiMgRGlzYWJsZSBVc2VyIEFjY2VzcyBDb250cm9sIChVQUMpDQojIFRPRE8gaW52ZXN0aWdhdGUgaWYgdGhpcyBpcyBuZWVkZWQgb3IgaWYgaXRzIG92ZXJraWxsIC0gaHR0cHM6Ly9naXRodWIuY29tL3BoaWxpcHMtbGFicy90ZXJyYWZvcm0tYXdzLWdpdGh1Yi1ydW5uZXIvaXNzdWVzLzE1MDUNClNldC1JdGVtUHJvcGVydHkgSEtMTTpcU09GVFdBUkVcTWljcm9zb2Z0XFdpbmRvd3NcQ3VycmVudFZlcnNpb25cUG9saWNpZXNcU3lzdGVtIC1OYW1lIENvbnNlbnRQcm9tcHRCZWhhdmlvckFkbWluIC1WYWx1ZSAwIC1Gb3JjZQ0KV3JpdGUtSG9zdCAiRGlzYWJsZWQgVXNlciBBY2Nlc3MgQ29udHJvbCAoVUFDKSINCg0KJGNvbmZpZ0NtZCA9ICIuXGNvbmZpZy5jbWQgLS11bmF0dGVuZGVkIC0tbmFtZSAkSW5zdGFuY2VJZCAtLXdvcmsgYCJfd29ya2AiICRjb25maWciDQpXcml0ZS1Ib3N0ICJDb25maWd1cmUgR0ggUnVubmVyIGFzIHVzZXIgJHJ1bl9hcyINCkludm9rZS1FeHByZXNzaW9uICRjb25maWdDbWQNCg0KV3JpdGUtSG9zdCAiU3RhcnRpbmcgdGhlIHJ1bm5lciBhcyB1c2VyICRydW5fYXMiDQoNCldyaXRlLUhvc3QgICJJbnN0YWxsaW5nIHRoZSBydW5uZXIgYXMgYSBzZXJ2aWNlIg0KDQokYWN0aW9uID0gTmV3LVNjaGVkdWxlZFRhc2tBY3Rpb24gLVdvcmtpbmdEaXJlY3RvcnkgIiRwd2QiIC1FeGVjdXRlICJydW4uY21kIg0KJHRyaWdnZXIgPSBHZXQtQ2ltQ2xhc3MgIk1TRlRfVGFza1JlZ2lzdHJhdGlvblRyaWdnZXIiIC1OYW1lc3BhY2UgIlJvb3QvTWljcm9zb2Z0L1dpbmRvd3MvVGFza1NjaGVkdWxlciINClJlZ2lzdGVyLVNjaGVkdWxlZFRhc2sgLVRhc2tOYW1lICJydW5uZXJ0YXNrIiAtQWN0aW9uICRhY3Rpb24gLVRyaWdnZXIgJHRyaWdnZXIgLVVzZXIgJHVzZXJuYW1lIC1QYXNzd29yZCAkcGFzc3dvcmQgLVJ1bkxldmVsIEhpZ2hlc3QgLUZvcmNlDQpXcml0ZS1Ib3N0ICJTdGFydGluZyB0aGUgcnVubmVyIGluIHBlcnNpc3RlbnQgbW9kZSINCldyaXRlLUhvc3QgIlN0YXJ0aW5nIHJ1bm5lciBhZnRlciAkKCgoZ2V0LWRhdGUpIC0gKGdjaW0gV2luMzJfT3BlcmF0aW5nU3lzdGVtKS5MYXN0Qm9vdFVwVGltZSkudG9zdHJpbmcoImhoJzonbW0nOidzcycnIikpIg0KDQpTdG9wLVRyYW5zY3JpcHQNCjwvcG93ZXJzaGVsbD4=",
            "vpc_security_group_ids": [
              "sg-06c68fc10eacdd4fe"
            ]
          },
          "sensitive_attributes": [],
          "private": "bnVsbA==",
          "dependencies": [
            "module.github-runner.module.runner_binaries.aws_s3_bucket.action_dist",
            "module.github-runner.module.runners.aws_iam_instance_profile.runner",
            "module.github-runner.module.runners.aws_iam_role.runner",
            "module.github-runner.module.runners.aws_security_group.runner_sg",
            "module.github-runner.module.runners.aws_ssm_parameter.cloudwatch_agent_config_runner",
            "module.github-runner.module.runners.data.aws_ami.runner",
            "module.github-runner.random_string.random"
          ]
        }
      ]
    },
    {
      "module": "module.github-runner.module.runners",
      "mode": "managed",
      "type": "aws_security_group",
      "name": "runner_sg",
      "provider": "provider[\"registry.terraform.io/hashicorp/aws\"]",
      "instances": [
        {
          "index_key": 0,
          "schema_version": 1,
          "attributes": {
            "arn": "arn:aws:ec2:ap-northeast-1:442376921734:security-group/sg-06c68fc10eacdd4fe",
            "description": "Github Actions Runner security group",
            "egress": [
              {
                "cidr_blocks": [
                  "0.0.0.0/0"
                ],
                "description": "",
                "from_port": 0,
                "ipv6_cidr_blocks": [
                  "::/0"
                ],
                "prefix_list_ids": [],
                "protocol": "-1",
                "security_groups": [],
                "self": false,
                "to_port": 0
              }
            ],
            "id": "sg-06c68fc10eacdd4fe",
            "ingress": [],
            "name": "production-github-actions-runner-sg20250416102004449900000001",
            "name_prefix": "production-github-actions-runner-sg",
            "owner_id": "442376921734",
            "revoke_rules_on_delete": false,
            "tags": {
              "Environment": "production",
              "Name": "production-action-runner",
              "ghr:environment": "production"
            },
            "tags_all": {
              "Environment": "production",
              "Name": "production-action-runner",
              "ghr:environment": "production"
            },
            "timeouts": null,
            "vpc_id": "vpc-0e8b491aa0bd1d3b0"
          },
          "sensitive_attributes": [],
          "private": "eyJlMmJmYjczMC1lY2FhLTExZTYtOGY4OC0zNDM2M2JjN2M0YzAiOnsiY3JlYXRlIjo2MDAwMDAwMDAwMDAsImRlbGV0ZSI6OTAwMDAwMDAwMDAwfSwic2NoZW1hX3ZlcnNpb24iOiIxIn0="
        }
      ]
    },
    {
      "module": "module.github-runner.module.runners",
      "mode": "managed",
      "type": "aws_ssm_parameter",
      "name": "cloudwatch_agent_config_runner",
      "provider": "provider[\"registry.terraform.io/hashicorp/aws\"]",
      "instances": [
        {
          "index_key": 0,
          "schema_version": 0,
          "attributes": {
            "allowed_pattern": "",
            "arn": "arn:aws:ssm:ap-northeast-1:442376921734:parameter/production-cloudwatch_agent_config_runner",
            "data_type": "text",
            "description": "",
            "id": "production-cloudwatch_agent_config_runner",
            "key_id": "",
            "name": "production-cloudwatch_agent_config_runner",
            "overwrite": null,
            "tags": {
              "Environment": "production",
              "Name": "production-action-runner",
              "ghr:environment": "production"
            },
            "tags_all": {
              "Environment": "production",
              "Name": "production-action-runner",
              "ghr:environment": "production"
            },
            "tier": "Standard",
            "type": "String",
            "value": "{\r\n    \"agent\": {\r\n        \"metrics_collection_interval\": 5\r\n    },\r\n    \"logs\": {\r\n        \"logs_collected\": {\r\n            \"files\": {\r\n                \"collect_list\": [{\"file_path\":\"/var/log/messages\",\"log_group_name\":\"/github-self-hosted-runners/production/messages\",\"log_stream_name\":\"{instance_id}\"},{\"file_path\":\"C:/UserData.log\",\"log_group_name\":\"/github-self-hosted-runners/production/user_data\",\"log_stream_name\":\"{instance_id}\"},{\"file_path\":\"C:/actions-runner/_diag/Runner_*.log\",\"log_group_name\":\"/github-self-hosted-runners/production/runner\",\"log_stream_name\":\"{instance_id}\"},{\"file_path\":\"C:/runner-startup.log\",\"log_group_name\":\"/github-self-hosted-runners/production/runner-startup\",\"log_stream_name\":\"{instance_id}\"}]\r\n            }\r\n        }\r\n    }\r\n}",
            "version": 1
          },
          "sensitive_attributes": [
            [
              {
                "type": "get_attr",
                "value": "value"
              }
            ]
          ],
          "private": "bnVsbA=="
        }
      ]
    },
    {
      "module": "module.github-runner.module.runners",
      "mode": "managed",
      "type": "aws_ssm_parameter",
      "name": "runner_agent_mode",
      "provider": "provider[\"registry.terraform.io/hashicorp/aws\"]",
      "instances": [
        {
          "schema_version": 0,
          "attributes": {
            "allowed_pattern": "",
            "arn": "arn:aws:ssm:ap-northeast-1:442376921734:parameter/production/runner/agent-mode",
            "data_type": "text",
            "description": "",
            "id": "/production/runner/agent-mode",
            "key_id": "",
            "name": "/production/runner/agent-mode",
            "overwrite": null,
            "tags": {
              "Environment": "production",
              "Name": "production-action-runner",
              "ghr:environment": "production"
            },
            "tags_all": {
              "Environment": "production",
              "Name": "production-action-runner",
              "ghr:environment": "production"
            },
            "tier": "Standard",
            "type": "String",
            "value": "persistent",
            "version": 1
          },
          "sensitive_attributes": [
            [
              {
                "type": "get_attr",
                "value": "value"
              }
            ]
          ],
          "private": "bnVsbA=="
        }
      ]
    },
    {
      "module": "module.github-runner.module.runners",
      "mode": "managed",
      "type": "aws_ssm_parameter",
      "name": "runner_config_run_as",
      "provider": "provider[\"registry.terraform.io/hashicorp/aws\"]",
      "instances": [
        {
          "schema_version": 0,
          "attributes": {
            "allowed_pattern": "",
            "arn": "arn:aws:ssm:ap-northeast-1:442376921734:parameter/production/runner/run-as",
            "data_type": "text",
            "description": "",
            "id": "/production/runner/run-as",
            "key_id": "",
            "name": "/production/runner/run-as",
            "overwrite": null,
            "tags": {
              "Environment": "production",
              "Name": "production-action-runner",
              "ghr:environment": "production"
            },
            "tags_all": {
              "Environment": "production",
              "Name": "production-action-runner",
              "ghr:environment": "production"
            },
            "tier": "Standard",
            "type": "String",
            "value": "ec2-user",
            "version": 1
          },
          "sensitive_attributes": [
            [
              {
                "type": "get_attr",
                "value": "value"
              }
            ]
          ],
          "private": "bnVsbA=="
        }
      ]
    },
    {
      "module": "module.github-runner.module.runners",
      "mode": "managed",
      "type": "aws_ssm_parameter",
      "name": "runner_enable_cloudwatch",
      "provider": "provider[\"registry.terraform.io/hashicorp/aws\"]",
      "instances": [
        {
          "schema_version": 0,
          "attributes": {
            "allowed_pattern": "",
            "arn": "arn:aws:ssm:ap-northeast-1:442376921734:parameter/production/runner/enable-cloudwatch",
            "data_type": "text",
            "description": "",
            "id": "/production/runner/enable-cloudwatch",
            "key_id": "",
            "name": "/production/runner/enable-cloudwatch",
            "overwrite": null,
            "tags": {
              "Environment": "production",
              "Name": "production-action-runner",
              "ghr:environment": "production"
            },
            "tags_all": {
              "Environment": "production",
              "Name": "production-action-runner",
              "ghr:environment": "production"
            },
            "tier": "Standard",
            "type": "String",
            "value": "true",
            "version": 1
          },
          "sensitive_attributes": [
            [
              {
                "type": "get_attr",
                "value": "value"
              }
            ]
          ],
          "private": "bnVsbA=="
        }
      ]
    },
    {
      "module": "module.github-runner.module.ssm",
      "mode": "managed",
      "type": "aws_ssm_parameter",
      "name": "github_app_id",
      "provider": "provider[\"registry.terraform.io/hashicorp/aws\"]",
      "instances": [
        {
          "schema_version": 0,
          "attributes": {
            "allowed_pattern": "",
            "arn": "arn:aws:ssm:ap-northeast-1:442376921734:parameter/actions_runner/production/github_app_id",
            "data_type": "text",
            "description": "",
            "id": "/actions_runner/production/github_app_id",
            "key_id": "alias/aws/ssm",
            "name": "/actions_runner/production/github_app_id",
            "overwrite": null,
            "tags": {
              "Environment": "production",
              "ghr:environment": "production"
            },
            "tags_all": {
              "Environment": "production",
              "ghr:environment": "production"
            },
            "tier": "Standard",
            "type": "SecureString",
            "value": "1218314",
            "version": 1
          },
          "sensitive_attributes": [
            [
              {
                "type": "get_attr",
                "value": "value"
              }
            ]
          ],
          "private": "bnVsbA==",
          "dependencies": [
            "random_id.random"
          ]
        }
      ]
    },
    {
      "module": "module.github-runner.module.ssm",
      "mode": "managed",
      "type": "aws_ssm_parameter",
      "name": "github_app_key_base64",
      "provider": "provider[\"registry.terraform.io/hashicorp/aws\"]",
      "instances": [
        {
          "schema_version": 0,
          "attributes": {
            "allowed_pattern": "",
            "arn": "arn:aws:ssm:ap-northeast-1:442376921734:parameter/actions_runner/production/github_app_key_base64",
            "data_type": "text",
            "description": "",
            "id": "/actions_runner/production/github_app_key_base64",
            "key_id": "alias/aws/ssm",
            "name": "/actions_runner/production/github_app_key_base64",
            "overwrite": null,
            "tags": {
              "Environment": "production",
              "ghr:environment": "production"
            },
            "tags_all": {
              "Environment": "production",
              "ghr:environment": "production"
            },
            "tier": "Standard",
            "type": "SecureString",
            "value": "N2FlZmZjNjY2YTQwYzM0MDU1MzM0MjM4ZjFhNWRjZDI2NTY4NWY3OQ==",
            "version": 1
          },
          "sensitive_attributes": [
            [
              {
                "type": "get_attr",
                "value": "value"
              }
            ]
          ],
          "private": "bnVsbA==",
          "dependencies": [
            "random_id.random"
          ]
        }
      ]
    },
    {
      "module": "module.github-runner.module.ssm",
      "mode": "managed",
      "type": "aws_ssm_parameter",
      "name": "github_app_webhook_secret",
      "provider": "provider[\"registry.terraform.io/hashicorp/aws\"]",
      "instances": [
        {
          "schema_version": 0,
          "attributes": {
            "allowed_pattern": "",
            "arn": "arn:aws:ssm:ap-northeast-1:442376921734:parameter/actions_runner/production/github_app_webhook_secret",
            "data_type": "text",
            "description": "",
            "id": "/actions_runner/production/github_app_webhook_secret",
            "key_id": "alias/aws/ssm",
            "name": "/actions_runner/production/github_app_webhook_secret",
            "overwrite": null,
            "tags": {
              "Environment": "production",
              "ghr:environment": "production"
            },
            "tags_all": {
              "Environment": "production",
              "ghr:environment": "production"
            },
            "tier": "Standard",
            "type": "SecureString",
            "value": "e62ff326c7153c06db6d55270e9579de60c105fd",
            "version": 1
          },
          "sensitive_attributes": [
            [
              {
                "type": "get_attr",
                "value": "value"
              }
            ]
          ],
          "private": "bnVsbA==",
          "dependencies": [
            "random_id.random"
          ]
        }
      ]
    },
    {
      "module": "module.github-runner.module.webhook",
      "mode": "data",
      "type": "aws_iam_policy_document",
      "name": "lambda_assume_role_policy",
      "provider": "provider[\"registry.terraform.io/hashicorp/aws\"]",
      "instances": [
        {
          "schema_version": 0,
          "attributes": {
            "id": "601522199",
            "json": "{\n  \"Version\": \"2012-10-17\",\n  \"Statement\": [\n    {\n      \"Sid\": \"\",\n      \"Effect\": \"Allow\",\n      \"Action\": \"sts:AssumeRole\",\n      \"Principal\": {\n        \"Service\": \"lambda.amazonaws.com\"\n      }\n    }\n  ]\n}",
            "override_json": null,
            "override_policy_documents": null,
            "policy_id": null,
            "source_json": null,
            "source_policy_documents": null,
            "statement": [
              {
                "actions": [
                  "sts:AssumeRole"
                ],
                "condition": [],
                "effect": "Allow",
                "not_actions": [],
                "not_principals": [],
                "not_resources": [],
                "principals": [
                  {
                    "identifiers": [
                      "lambda.amazonaws.com"
                    ],
                    "type": "Service"
                  }
                ],
                "resources": [],
                "sid": ""
              }
            ],
            "version": "2012-10-17"
          },
          "sensitive_attributes": []
        }
      ]
    },
    {
      "module": "module.github-runner.module.webhook",
      "mode": "managed",
      "type": "aws_apigatewayv2_api",
      "name": "webhook",
      "provider": "provider[\"registry.terraform.io/hashicorp/aws\"]",
      "instances": [
        {
          "schema_version": 0,
          "attributes": {
            "api_endpoint": "https://etwz4mnuoj.execute-api.ap-northeast-1.amazonaws.com",
            "api_key_selection_expression": "$request.header.x-api-key",
            "arn": "arn:aws:apigateway:ap-northeast-1::/apis/etwz4mnuoj",
            "body": null,
            "cors_configuration": [],
            "credentials_arn": null,
            "description": "",
            "disable_execute_api_endpoint": false,
            "execution_arn": "arn:aws:execute-api:ap-northeast-1:442376921734:etwz4mnuoj",
            "fail_on_warnings": null,
            "id": "etwz4mnuoj",
            "name": "production-github-action-webhook",
            "protocol_type": "HTTP",
            "route_key": null,
            "route_selection_expression": "$request.method $request.path",
            "tags": {
              "Environment": "production",
              "ghr:environment": "production"
            },
            "tags_all": {
              "Environment": "production",
              "ghr:environment": "production"
            },
            "target": null,
            "version": ""
          },
          "sensitive_attributes": [],
          "private": "bnVsbA=="
        }
      ]
    },
    {
      "module": "module.github-runner.module.webhook",
      "mode": "managed",
      "type": "aws_apigatewayv2_integration",
      "name": "webhook",
      "provider": "provider[\"registry.terraform.io/hashicorp/aws\"]",
      "instances": [
        {
          "schema_version": 0,
          "attributes": {
            "api_id": "etwz4mnuoj",
            "connection_id": "",
            "connection_type": "INTERNET",
            "content_handling_strategy": "",
            "credentials_arn": "",
            "description": "GitHub App webhook for receiving build events.",
            "id": "df8n9wp",
            "integration_method": "POST",
            "integration_response_selection_expression": "",
            "integration_subtype": "",
            "integration_type": "AWS_PROXY",
            "integration_uri": "arn:aws:apigateway:ap-northeast-1:lambda:path/2015-03-31/functions/arn:aws:lambda:ap-northeast-1:442376921734:function:production-webhook/invocations",
            "passthrough_behavior": "",
            "payload_format_version": "1.0",
            "request_parameters": {},
            "request_templates": {},
            "response_parameters": [],
            "template_selection_expression": "",
            "timeout_milliseconds": 30000,
            "tls_config": []
          },
          "sensitive_attributes": [],
          "private": "bnVsbA==",
          "dependencies": [
            "module.github-runner.aws_sqs_queue.queued_builds",
            "module.github-runner.aws_sqs_queue.queued_builds_dlq",
            "module.github-runner.module.webhook.aws_apigatewayv2_api.webhook",
            "module.github-runner.module.webhook.aws_iam_role.webhook_lambda",
            "module.github-runner.module.webhook.aws_lambda_function.webhook",
            "module.github-runner.module.webhook.data.aws_iam_policy_document.lambda_assume_role_policy"
          ]
        }
      ]
    },
    {
      "module": "module.github-runner.module.webhook",
      "mode": "managed",
      "type": "aws_apigatewayv2_route",
      "name": "webhook",
      "provider": "provider[\"registry.terraform.io/hashicorp/aws\"]",
      "instances": [
        {
          "schema_version": 0,
          "attributes": {
            "api_id": "etwz4mnuoj",
            "api_key_required": false,
            "authorization_scopes": [],
            "authorization_type": "NONE",
            "authorizer_id": "",
            "id": "ydjj4fu",
            "model_selection_expression": "",
            "operation_name": "",
            "request_models": {},
            "request_parameter": [],
            "route_key": "POST /webhook",
            "route_response_selection_expression": "",
            "target": "integrations/df8n9wp"
          },
          "sensitive_attributes": [],
          "private": "bnVsbA==",
          "dependencies": [
            "module.github-runner.aws_sqs_queue.queued_builds",
            "module.github-runner.aws_sqs_queue.queued_builds_dlq",
            "module.github-runner.module.webhook.aws_apigatewayv2_api.webhook",
            "module.github-runner.module.webhook.aws_apigatewayv2_integration.webhook",
            "module.github-runner.module.webhook.aws_iam_role.webhook_lambda",
            "module.github-runner.module.webhook.aws_lambda_function.webhook",
            "module.github-runner.module.webhook.data.aws_iam_policy_document.lambda_assume_role_policy"
          ]
        }
      ]
    },
    {
      "module": "module.github-runner.module.webhook",
      "mode": "managed",
      "type": "aws_apigatewayv2_stage",
      "name": "webhook",
      "provider": "provider[\"registry.terraform.io/hashicorp/aws\"]",
      "instances": [
        {
          "schema_version": 0,
          "attributes": {
            "access_log_settings": [],
            "api_id": "etwz4mnuoj",
            "arn": "arn:aws:apigateway:ap-northeast-1::/apis/etwz4mnuoj/stages/$default",
            "auto_deploy": true,
            "client_certificate_id": "",
            "default_route_settings": [
              {
                "data_trace_enabled": false,
                "detailed_metrics_enabled": false,
                "logging_level": "",
                "throttling_burst_limit": 0,
                "throttling_rate_limit": 0
              }
            ],
            "deployment_id": "64omtu",
            "description": "",
            "execution_arn": "arn:aws:execute-api:ap-northeast-1:442376921734:etwz4mnuoj/$default",
            "id": "$default",
            "invoke_url": "https://etwz4mnuoj.execute-api.ap-northeast-1.amazonaws.com/",
            "name": "$default",
            "route_settings": [],
            "stage_variables": {},
            "tags": {
              "Environment": "production",
              "ghr:environment": "production"
            },
            "tags_all": {
              "Environment": "production",
              "ghr:environment": "production"
            }
          },
          "sensitive_attributes": [],
          "private": "bnVsbA==",
          "dependencies": [
            "module.github-runner.module.webhook.aws_apigatewayv2_api.webhook"
          ]
        }
      ]
    },
    {
      "module": "module.github-runner.module.webhook",
      "mode": "managed",
      "type": "aws_cloudwatch_log_group",
      "name": "webhook",
      "provider": "provider[\"registry.terraform.io/hashicorp/aws\"]",
      "instances": [
        {
          "schema_version": 0,
          "attributes": {
            "arn": "arn:aws:logs:ap-northeast-1:442376921734:log-group:/aws/lambda/production-webhook",
            "id": "/aws/lambda/production-webhook",
            "kms_key_id": "",
            "name": "/aws/lambda/production-webhook",
            "name_prefix": null,
            "retention_in_days": 180,
            "tags": {
              "Environment": "production",
              "ghr:environment": "production"
            },
            "tags_all": {
              "Environment": "production",
              "ghr:environment": "production"
            }
          },
          "sensitive_attributes": [],
          "private": "bnVsbA==",
          "dependencies": [
            "module.github-runner.aws_sqs_queue.queued_builds",
            "module.github-runner.aws_sqs_queue.queued_builds_dlq",
            "module.github-runner.module.webhook.aws_iam_role.webhook_lambda",
            "module.github-runner.module.webhook.aws_lambda_function.webhook",
            "module.github-runner.module.webhook.data.aws_iam_policy_document.lambda_assume_role_policy"
          ]
        }
      ]
    },
    {
      "module": "module.github-runner.module.webhook",
      "mode": "managed",
      "type": "aws_iam_role",
      "name": "webhook_lambda",
      "provider": "provider[\"registry.terraform.io/hashicorp/aws\"]",
      "instances": [
        {
          "schema_version": 0,
          "attributes": {
            "arn": "arn:aws:iam::442376921734:role/production/production-action-webhook-lambda-role",
            "assume_role_policy": "{\"Version\":\"2012-10-17\",\"Statement\":[{\"Sid\":\"\",\"Effect\":\"Allow\",\"Principal\":{\"Service\":\"lambda.amazonaws.com\"},\"Action\":\"sts:AssumeRole\"}]}",
            "create_date": "2025-04-16T10:19:52Z",
            "description": "",
            "force_detach_policies": false,
            "id": "production-action-webhook-lambda-role",
            "inline_policy": [
              {
                "name": "production-lambda-logging-policy",
                "policy": "{\r\n  \"Version\": \"2012-10-17\",\r\n  \"Statement\": [\r\n    {\r\n      \"Effect\": \"Allow\",\r\n      \"Action\": [\"logs:CreateLogStream\", \"logs:PutLogEvents\"],\r\n      \"Resource\": \"arn:aws:logs:ap-northeast-1:442376921734:log-group:/aws/lambda/production-webhook*\"\r\n    }\r\n  ]\r\n}\r\n"
              },
              {
                "name": "production-lambda-webhook-publish-sqs-policy",
                "policy": "{\r\n  \"Version\": \"2012-10-17\",\r\n  \"Statement\": [\r\n    {\r\n      \"Effect\": \"Allow\",\r\n      \"Action\": [\"sqs:SendMessage\", \"sqs:GetQueueAttributes\"],\r\n      \"Resource\": \"arn:aws:sqs:ap-northeast-1:442376921734:production-queued-builds\"\r\n    }\r\n  ]\r\n}\r\n"
              },
              {
                "name": "production-lambda-webhook-publish-ssm-policy",
                "policy": "{\r\n  \"Version\": \"2012-10-17\",\r\n  \"Statement\": [\r\n    {\r\n        \"Effect\": \"Allow\",\r\n        \"Action\": [\r\n            \"ssm:GetParameter\"\r\n        ],\r\n        \"Resource\": [\r\n            \"arn:aws:ssm:ap-northeast-1:442376921734:parameter/actions_runner/production/github_app_webhook_secret\"\r\n        ]\r\n        }\r\n  ]\r\n}\r\n"
              }
            ],
            "managed_policy_arns": [],
            "max_session_duration": 3600,
            "name": "production-action-webhook-lambda-role",
            "name_prefix": "",
            "path": "/production/",
            "permissions_boundary": null,
            "tags": {
              "Environment": "production",
              "ghr:environment": "production"
            },
            "tags_all": {
              "Environment": "production",
              "ghr:environment": "production"
            },
            "unique_id": "AROAWN75YEKDJQYVQQBY6"
          },
          "sensitive_attributes": [],
          "private": "bnVsbA==",
          "dependencies": [
            "module.github-runner.module.webhook.data.aws_iam_policy_document.lambda_assume_role_policy"
          ]
        }
      ]
    },
    {
      "module": "module.github-runner.module.webhook",
      "mode": "managed",
      "type": "aws_iam_role_policy",
      "name": "webhook_logging",
      "provider": "provider[\"registry.terraform.io/hashicorp/aws\"]",
      "instances": [
        {
          "schema_version": 0,
          "attributes": {
            "id": "production-action-webhook-lambda-role:production-lambda-logging-policy",
            "name": "production-lambda-logging-policy",
            "name_prefix": null,
            "policy": "{\r\n  \"Version\": \"2012-10-17\",\r\n  \"Statement\": [\r\n    {\r\n      \"Effect\": \"Allow\",\r\n      \"Action\": [\"logs:CreateLogStream\", \"logs:PutLogEvents\"],\r\n      \"Resource\": \"arn:aws:logs:ap-northeast-1:442376921734:log-group:/aws/lambda/production-webhook*\"\r\n    }\r\n  ]\r\n}\r\n",
            "role": "production-action-webhook-lambda-role"
          },
          "sensitive_attributes": [],
          "private": "bnVsbA==",
          "dependencies": [
            "module.github-runner.aws_sqs_queue.queued_builds",
            "module.github-runner.aws_sqs_queue.queued_builds_dlq",
            "module.github-runner.module.webhook.aws_cloudwatch_log_group.webhook",
            "module.github-runner.module.webhook.aws_iam_role.webhook_lambda",
            "module.github-runner.module.webhook.aws_lambda_function.webhook",
            "module.github-runner.module.webhook.data.aws_iam_policy_document.lambda_assume_role_policy"
          ]
        }
      ]
    },
    {
      "module": "module.github-runner.module.webhook",
      "mode": "managed",
      "type": "aws_iam_role_policy",
      "name": "webhook_sqs",
      "provider": "provider[\"registry.terraform.io/hashicorp/aws\"]",
      "instances": [
        {
          "schema_version": 0,
          "attributes": {
            "id": "production-action-webhook-lambda-role:production-lambda-webhook-publish-sqs-policy",
            "name": "production-lambda-webhook-publish-sqs-policy",
            "name_prefix": null,
            "policy": "{\r\n  \"Version\": \"2012-10-17\",\r\n  \"Statement\": [\r\n    {\r\n      \"Effect\": \"Allow\",\r\n      \"Action\": [\"sqs:SendMessage\", \"sqs:GetQueueAttributes\"],\r\n      \"Resource\": \"arn:aws:sqs:ap-northeast-1:442376921734:production-queued-builds\"\r\n    }\r\n  ]\r\n}\r\n",
            "role": "production-action-webhook-lambda-role"
          },
          "sensitive_attributes": [],
          "private": "bnVsbA==",
          "dependencies": [
            "module.github-runner.aws_sqs_queue.queued_builds",
            "module.github-runner.aws_sqs_queue.queued_builds_dlq",
            "module.github-runner.module.webhook.aws_iam_role.webhook_lambda",
            "module.github-runner.module.webhook.data.aws_iam_policy_document.lambda_assume_role_policy"
          ]
        }
      ]
    },
    {
      "module": "module.github-runner.module.webhook",
      "mode": "managed",
      "type": "aws_iam_role_policy",
      "name": "webhook_ssm",
      "provider": "provider[\"registry.terraform.io/hashicorp/aws\"]",
      "instances": [
        {
          "schema_version": 0,
          "attributes": {
            "id": "production-action-webhook-lambda-role:production-lambda-webhook-publish-ssm-policy",
            "name": "production-lambda-webhook-publish-ssm-policy",
            "name_prefix": null,
            "policy": "{\r\n  \"Version\": \"2012-10-17\",\r\n  \"Statement\": [\r\n    {\r\n        \"Effect\": \"Allow\",\r\n        \"Action\": [\r\n            \"ssm:GetParameter\"\r\n        ],\r\n        \"Resource\": [\r\n            \"arn:aws:ssm:ap-northeast-1:442376921734:parameter/actions_runner/production/github_app_webhook_secret\"\r\n        ]\r\n        }\r\n  ]\r\n}\r\n",
            "role": "production-action-webhook-lambda-role"
          },
          "sensitive_attributes": [],
          "private": "bnVsbA==",
          "dependencies": [
            "module.github-runner.module.ssm.aws_ssm_parameter.github_app_id",
            "module.github-runner.module.ssm.aws_ssm_parameter.github_app_key_base64",
            "module.github-runner.module.ssm.aws_ssm_parameter.github_app_webhook_secret",
            "module.github-runner.module.webhook.aws_iam_role.webhook_lambda",
            "module.github-runner.module.webhook.data.aws_iam_policy_document.lambda_assume_role_policy",
            "random_id.random"
          ]
        }
      ]
    },
    {
      "module": "module.github-runner.module.webhook",
      "mode": "managed",
      "type": "aws_lambda_function",
      "name": "webhook",
      "provider": "provider[\"registry.terraform.io/hashicorp/aws\"]",
      "instances": [
        {
          "schema_version": 0,
          "attributes": {
            "architectures": [
              "x86_64"
            ],
            "arn": "arn:aws:lambda:ap-northeast-1:442376921734:function:production-webhook",
            "code_signing_config_arn": "",
            "dead_letter_config": [],
            "description": "",
            "environment": [
              {
                "variables": {
                  "ENABLE_WORKFLOW_JOB_LABELS_CHECK": "false",
                  "ENVIRONMENT": "production",
                  "LOG_LEVEL": "info",
                  "LOG_TYPE": "pretty",
                  "REPOSITORY_WHITE_LIST": "[]",
                  "RUNNER_LABELS": "[\"self-hosted\",\"windows\",\"x64\",\"default\",\"example\"]",
                  "SQS_IS_FIFO": "false",
                  "SQS_URL_WEBHOOK": "https://sqs.ap-northeast-1.amazonaws.com/442376921734/production-queued-builds"
                }
              }
            ],
            "file_system_config": [],
            "filename": "C:\\Users\\tokyo\\Videos\\runners.zip",
            "function_name": "production-webhook",
            "handler": "index.githubWebhook",
            "id": "production-webhook",
            "image_config": [],
            "image_uri": "",
            "invoke_arn": "arn:aws:apigateway:ap-northeast-1:lambda:path/2015-03-31/functions/arn:aws:lambda:ap-northeast-1:442376921734:function:production-webhook/invocations",
            "kms_key_arn": "",
            "last_modified": "2025-04-16T13:23:27.000+0000",
            "layers": [],
            "memory_size": 128,
            "package_type": "Zip",
            "publish": false,
            "qualified_arn": "arn:aws:lambda:ap-northeast-1:442376921734:function:production-webhook:$LATEST",
            "reserved_concurrent_executions": -1,
            "role": "arn:aws:iam::442376921734:role/production/production-action-webhook-lambda-role",
            "runtime": "nodejs14.x",
            "s3_bucket": null,
            "s3_key": null,
            "s3_object_version": null,
            "signing_job_arn": "",
            "signing_profile_version_arn": "",
            "source_code_hash": "jHQh3dlUDcBI+ojqPPK3YrVkm8W3jMyoSt829XFHYFU=",
            "source_code_size": 794374,
            "tags": {
              "Environment": "production",
              "ghr:environment": "production"
            },
            "tags_all": {
              "Environment": "production",
              "ghr:environment": "production"
            },
            "timeout": 10,
            "timeouts": null,
            "tracing_config": [
              {
                "mode": "PassThrough"
              }
            ],
            "version": "$LATEST",
            "vpc_config": []
          },
          "sensitive_attributes": [],
          "private": "eyJlMmJmYjczMC1lY2FhLTExZTYtOGY4OC0zNDM2M2JjN2M0YzAiOnsiY3JlYXRlIjo2MDAwMDAwMDAwMDB9fQ==",
          "dependencies": [
            "module.github-runner.aws_sqs_queue.queued_builds",
            "module.github-runner.aws_sqs_queue.queued_builds_dlq",
            "module.github-runner.module.webhook.aws_iam_role.webhook_lambda",
            "module.github-runner.module.webhook.data.aws_iam_policy_document.lambda_assume_role_policy"
          ]
        }
      ]
    },
    {
      "module": "module.github-runner.module.webhook",
      "mode": "managed",
      "type": "aws_lambda_permission",
      "name": "webhook",
      "provider": "provider[\"registry.terraform.io/hashicorp/aws\"]",
      "instances": [
        {
          "schema_version": 0,
          "attributes": {
            "action": "lambda:InvokeFunction",
            "event_source_token": null,
            "function_name": "production-webhook",
            "id": "AllowExecutionFromAPIGateway",
            "principal": "apigateway.amazonaws.com",
            "qualifier": "",
            "source_account": null,
            "source_arn": "arn:aws:execute-api:ap-northeast-1:442376921734:etwz4mnuoj/*/*/webhook",
            "statement_id": "AllowExecutionFromAPIGateway",
            "statement_id_prefix": null
          },
          "sensitive_attributes": [],
          "private": "bnVsbA==",
          "dependencies": [
            "module.github-runner.aws_sqs_queue.queued_builds",
            "module.github-runner.aws_sqs_queue.queued_builds_dlq",
            "module.github-runner.module.webhook.aws_apigatewayv2_api.webhook",
            "module.github-runner.module.webhook.aws_iam_role.webhook_lambda",
            "module.github-runner.module.webhook.aws_lambda_function.webhook",
            "module.github-runner.module.webhook.data.aws_iam_policy_document.lambda_assume_role_policy"
          ]
        }
      ]
    }
  ],
  "check_results": [
    {
      "object_kind": "var",
      "config_addr": "module.github-runner.module.runner_binaries.var.log_level",
      "status": "pass",
      "objects": [
        {
          "object_addr": "module.github-runner.module.runner_binaries.var.log_level",
          "status": "pass"
        }
      ]
    },
    {
      "object_kind": "var",
      "config_addr": "module.github-runner.var.log_level",
      "status": "pass",
      "objects": [
        {
          "object_addr": "module.github-runner.var.log_level",
          "status": "pass"
        }
      ]
    },
    {
      "object_kind": "var",
      "config_addr": "module.github-runner.var.instance_allocation_strategy",
      "status": "pass",
      "objects": [
        {
          "object_addr": "module.github-runner.var.instance_allocation_strategy",
          "status": "pass"
        }
      ]
    },
    {
      "object_kind": "var",
      "config_addr": "module.github-runner.module.runner_binaries.var.runner_architecture",
      "status": "pass",
      "objects": [
        {
          "object_addr": "module.github-runner.module.runner_binaries.var.runner_architecture",
          "status": "pass"
        }
      ]
    },
    {
      "object_kind": "var",
      "config_addr": "module.github-runner.module.runners.var.market_options",
      "status": "pass",
      "objects": [
        {
          "object_addr": "module.github-runner.module.runners.var.market_options",
          "status": "pass"
        }
      ]
    },
    {
      "object_kind": "var",
      "config_addr": "module.github-runner.module.runners.var.runner_os",
      "status": "pass",
      "objects": [
        {
          "object_addr": "module.github-runner.module.runners.var.runner_os",
          "status": "pass"
        }
      ]
    },
    {
      "object_kind": "var",
      "config_addr": "module.github-runner.var.instance_target_capacity_type",
      "status": "pass",
      "objects": [
        {
          "object_addr": "module.github-runner.var.instance_target_capacity_type",
          "status": "pass"
        }
      ]
    },
    {
      "object_kind": "var",
      "config_addr": "module.github-runner.module.runner_binaries.var.log_type",
      "status": "pass",
      "objects": [
        {
          "object_addr": "module.github-runner.module.runner_binaries.var.log_type",
          "status": "pass"
        }
      ]
    },
    {
      "object_kind": "var",
      "config_addr": "module.github-runner.module.runners.var.log_type",
      "status": "pass",
      "objects": [
        {
          "object_addr": "module.github-runner.module.runners.var.log_type",
          "status": "pass"
        }
      ]
    },
    {
      "object_kind": "var",
      "config_addr": "module.github-runner.module.runners.var.instance_allocation_strategy",
      "status": "pass",
      "objects": [
        {
          "object_addr": "module.github-runner.module.runners.var.instance_allocation_strategy",
          "status": "pass"
        }
      ]
    },
    {
      "object_kind": "var",
      "config_addr": "module.github-runner.var.market_options",
      "status": "pass",
      "objects": [
        {
          "object_addr": "module.github-runner.var.market_options",
          "status": "pass"
        }
      ]
    },
    {
      "object_kind": "var",
      "config_addr": "module.github-runner.module.runner_binaries.var.distribution_bucket_name",
      "status": "pass",
      "objects": [
        {
          "object_addr": "module.github-runner.module.runner_binaries.var.distribution_bucket_name",
          "status": "pass"
        }
      ]
    },
    {
      "object_kind": "var",
      "config_addr": "module.github-runner.module.runners.var.instance_target_capacity_type",
      "status": "pass",
      "objects": [
        {
          "object_addr": "module.github-runner.module.runners.var.instance_target_capacity_type",
          "status": "pass"
        }
      ]
    },
    {
      "object_kind": "var",
      "config_addr": "module.github-runner.var.instance_type",
      "status": "pass",
      "objects": [
        {
          "object_addr": "module.github-runner.var.instance_type",
          "status": "pass"
        }
      ]
    },
    {
      "object_kind": "var",
      "config_addr": "module.github-runner.var.runner_os",
      "status": "pass",
      "objects": [
        {
          "object_addr": "module.github-runner.var.runner_os",
          "status": "pass"
        }
      ]
    },
    {
      "object_kind": "var",
      "config_addr": "module.github-runner.var.runner_architecture",
      "status": "pass",
      "objects": [
        {
          "object_addr": "module.github-runner.var.runner_architecture",
          "status": "pass"
        }
      ]
    },
    {
      "object_kind": "var",
      "config_addr": "module.github-runner.module.runner_binaries.var.runner_os",
      "status": "pass",
      "objects": [
        {
          "object_addr": "module.github-runner.module.runner_binaries.var.runner_os",
          "status": "pass"
        }
      ]
    },
    {
      "object_kind": "var",
      "config_addr": "module.github-runner.var.log_type",
      "status": "pass",
      "objects": [
        {
          "object_addr": "module.github-runner.var.log_type",
          "status": "pass"
        }
      ]
    },
    {
      "object_kind": "var",
      "config_addr": "module.github-runner.var.redrive_build_queue",
      "status": "pass",
      "objects": [
        {
          "object_addr": "module.github-runner.var.redrive_build_queue",
          "status": "pass"
        }
      ]
    },
    {
      "object_kind": "var",
      "config_addr": "module.github-runner.module.webhook.var.log_type",
      "status": "pass",
      "objects": [
        {
          "object_addr": "module.github-runner.module.webhook.var.log_type",
          "status": "pass"
        }
      ]
    },
    {
      "object_kind": "var",
      "config_addr": "module.github-runner.module.webhook.var.log_level",
      "status": "pass",
      "objects": [
        {
          "object_addr": "module.github-runner.module.webhook.var.log_level",
          "status": "pass"
        }
      ]
    },
    {
      "object_kind": "var",
      "config_addr": "module.github-runner.module.runners.var.log_level",
      "status": "pass",
      "objects": [
        {
          "object_addr": "module.github-runner.module.runners.var.log_level",
          "status": "pass"
        }
      ]
    }
  ]
}
